// !$*UTF8*$!
{
	archiveVersion = 1;
	classes = {
	};
	objectVersion = 46;
	objects = {

/* Begin PBXBuildFile section */
		C8C8FA381AEEADAD00E5E46C /* main.mm in Sources */ = {isa = PBXBuildFile; fileRef = C8C8FA371AEEADAD00E5E46C /* main.mm */; };
		C8C8FA3B1AEEADAD00E5E46C /* AppDelegate.m in Sources */ = {isa = PBXBuildFile; fileRef = C8C8FA3A1AEEADAD00E5E46C /* AppDelegate.m */; };
		C8C8FA3E1AEEADAD00E5E46C /* ViewController.m in Sources */ = {isa = PBXBuildFile; fileRef = C8C8FA3D1AEEADAD00E5E46C /* ViewController.m */; };
		C8C8FA411AEEADAD00E5E46C /* Main.storyboard in Resources */ = {isa = PBXBuildFile; fileRef = C8C8FA3F1AEEADAD00E5E46C /* Main.storyboard */; };
		C8C8FA431AEEADAD00E5E46C /* Images.xcassets in Resources */ = {isa = PBXBuildFile; fileRef = C8C8FA421AEEADAD00E5E46C /* Images.xcassets */; };
		C8C8FA461AEEADAD00E5E46C /* LaunchScreen.xib in Resources */ = {isa = PBXBuildFile; fileRef = C8C8FA441AEEADAD00E5E46C /* LaunchScreen.xib */; };
		C8C8FA521AEEADAD00E5E46C /* SloRadioTests.m in Sources */ = {isa = PBXBuildFile; fileRef = C8C8FA511AEEADAD00E5E46C /* SloRadioTests.m */; };
		C8C8FA5E1AEEAF5A00E5E46C /* SRRadioPlayer.m in Sources */ = {isa = PBXBuildFile; fileRef = C8C8FA5D1AEEAF5A00E5E46C /* SRRadioPlayer.m */; };
		C8C8FA601AEEB65A00E5E46C /* CFNetwork.framework in Frameworks */ = {isa = PBXBuildFile; fileRef = C8C8FA5F1AEEB65A00E5E46C /* CFNetwork.framework */; };
		C8C8FA621AEEB65F00E5E46C /* AVFoundation.framework in Frameworks */ = {isa = PBXBuildFile; fileRef = C8C8FA611AEEB65F00E5E46C /* AVFoundation.framework */; };
		C8C8FA641AEEB66500E5E46C /* AudioToolbox.framework in Frameworks */ = {isa = PBXBuildFile; fileRef = C8C8FA631AEEB66500E5E46C /* AudioToolbox.framework */; };
		C8C8FA661AEEB66D00E5E46C /* MediaPlayer.framework in Frameworks */ = {isa = PBXBuildFile; fileRef = C8C8FA651AEEB66D00E5E46C /* MediaPlayer.framework */; };
		C8C8FA681AEEB68700E5E46C /* libMobileVLCKit.a in Frameworks */ = {isa = PBXBuildFile; fileRef = C8C8FA671AEEB68700E5E46C /* libMobileVLCKit.a */; };
		C8C8FA6D1AEEB6F200E5E46C /* libsqlite3.dylib in Frameworks */ = {isa = PBXBuildFile; fileRef = C8C8FA6C1AEEB6F200E5E46C /* libsqlite3.dylib */; };
		C8C8FA6F1AEEB70300E5E46C /* Foundation.framework in Frameworks */ = {isa = PBXBuildFile; fileRef = C8C8FA6E1AEEB70300E5E46C /* Foundation.framework */; };
		C8C8FA711AEEB70A00E5E46C /* UIKit.framework in Frameworks */ = {isa = PBXBuildFile; fileRef = C8C8FA701AEEB70A00E5E46C /* UIKit.framework */; };
		C8C8FA731AEEB71F00E5E46C /* SystemConfiguration.framework in Frameworks */ = {isa = PBXBuildFile; fileRef = C8C8FA721AEEB71F00E5E46C /* SystemConfiguration.framework */; };
		C8C8FA751AEEB88900E5E46C /* libbz2.dylib in Frameworks */ = {isa = PBXBuildFile; fileRef = C8C8FA741AEEB88900E5E46C /* libbz2.dylib */; };
		C8C8FA771AEEB89900E5E46C /* libxml2.dylib in Frameworks */ = {isa = PBXBuildFile; fileRef = C8C8FA761AEEB89900E5E46C /* libxml2.dylib */; };
		C8C8FA791AEEB8B000E5E46C /* Security.framework in Frameworks */ = {isa = PBXBuildFile; fileRef = C8C8FA781AEEB8B000E5E46C /* Security.framework */; };
		C8C8FA7B1AEEBCB600E5E46C /* libiconv.dylib in Frameworks */ = {isa = PBXBuildFile; fileRef = C8C8FA7A1AEEBCB600E5E46C /* libiconv.dylib */; };
/* End PBXBuildFile section */

/* Begin PBXContainerItemProxy section */
		C8C8FA4C1AEEADAD00E5E46C /* PBXContainerItemProxy */ = {
			isa = PBXContainerItemProxy;
			containerPortal = C8C8FA2A1AEEADAD00E5E46C /* Project object */;
			proxyType = 1;
			remoteGlobalIDString = C8C8FA311AEEADAD00E5E46C;
			remoteInfo = SloRadio;
		};
/* End PBXContainerItemProxy section */

/* Begin PBXFileReference section */
		C8C8FA321AEEADAD00E5E46C /* SloRadio.app */ = {isa = PBXFileReference; explicitFileType = wrapper.application; includeInIndex = 0; path = SloRadio.app; sourceTree = BUILT_PRODUCTS_DIR; };
		C8C8FA361AEEADAD00E5E46C /* Info.plist */ = {isa = PBXFileReference; lastKnownFileType = text.plist.xml; path = Info.plist; sourceTree = "<group>"; };
		C8C8FA371AEEADAD00E5E46C /* main.mm */ = {isa = PBXFileReference; lastKnownFileType = sourcecode.cpp.objcpp; name = main.mm; path = Source/Base/main.mm; sourceTree = "<group>"; };
		C8C8FA391AEEADAD00E5E46C /* AppDelegate.h */ = {isa = PBXFileReference; lastKnownFileType = sourcecode.c.h; name = AppDelegate.h; path = Source/Base/AppDelegate.h; sourceTree = "<group>"; };
		C8C8FA3A1AEEADAD00E5E46C /* AppDelegate.m */ = {isa = PBXFileReference; lastKnownFileType = sourcecode.c.objc; name = AppDelegate.m; path = Source/Base/AppDelegate.m; sourceTree = "<group>"; };
		C8C8FA3C1AEEADAD00E5E46C /* ViewController.h */ = {isa = PBXFileReference; lastKnownFileType = sourcecode.c.h; name = ViewController.h; path = Source/Controllers/ViewController.h; sourceTree = "<group>"; };
		C8C8FA3D1AEEADAD00E5E46C /* ViewController.m */ = {isa = PBXFileReference; lastKnownFileType = sourcecode.c.objc; name = ViewController.m; path = Source/Controllers/ViewController.m; sourceTree = "<group>"; };
		C8C8FA401AEEADAD00E5E46C /* Base */ = {isa = PBXFileReference; lastKnownFileType = file.storyboard; name = Base; path = Base.lproj/Main.storyboard; sourceTree = "<group>"; };
		C8C8FA421AEEADAD00E5E46C /* Images.xcassets */ = {isa = PBXFileReference; lastKnownFileType = folder.assetcatalog; path = Images.xcassets; sourceTree = "<group>"; };
		C8C8FA451AEEADAD00E5E46C /* Base */ = {isa = PBXFileReference; lastKnownFileType = file.xib; name = Base; path = Base.lproj/LaunchScreen.xib; sourceTree = "<group>"; };
		C8C8FA4B1AEEADAD00E5E46C /* SloRadioTests.xctest */ = {isa = PBXFileReference; explicitFileType = wrapper.cfbundle; includeInIndex = 0; path = SloRadioTests.xctest; sourceTree = BUILT_PRODUCTS_DIR; };
		C8C8FA501AEEADAD00E5E46C /* Info.plist */ = {isa = PBXFileReference; lastKnownFileType = text.plist.xml; path = Info.plist; sourceTree = "<group>"; };
		C8C8FA511AEEADAD00E5E46C /* SloRadioTests.m */ = {isa = PBXFileReference; lastKnownFileType = sourcecode.c.objc; path = SloRadioTests.m; sourceTree = "<group>"; };
		C8C8FA5C1AEEAF5A00E5E46C /* SRRadioPlayer.h */ = {isa = PBXFileReference; fileEncoding = 4; lastKnownFileType = sourcecode.c.h; name = SRRadioPlayer.h; path = Source/Player/SRRadioPlayer.h; sourceTree = "<group>"; };
		C8C8FA5D1AEEAF5A00E5E46C /* SRRadioPlayer.m */ = {isa = PBXFileReference; fileEncoding = 4; lastKnownFileType = sourcecode.c.objc; name = SRRadioPlayer.m; path = Source/Player/SRRadioPlayer.m; sourceTree = "<group>"; };
		C8C8FA5F1AEEB65A00E5E46C /* CFNetwork.framework */ = {isa = PBXFileReference; lastKnownFileType = wrapper.framework; name = CFNetwork.framework; path = System/Library/Frameworks/CFNetwork.framework; sourceTree = SDKROOT; };
		C8C8FA611AEEB65F00E5E46C /* AVFoundation.framework */ = {isa = PBXFileReference; lastKnownFileType = wrapper.framework; name = AVFoundation.framework; path = System/Library/Frameworks/AVFoundation.framework; sourceTree = SDKROOT; };
		C8C8FA631AEEB66500E5E46C /* AudioToolbox.framework */ = {isa = PBXFileReference; lastKnownFileType = wrapper.framework; name = AudioToolbox.framework; path = System/Library/Frameworks/AudioToolbox.framework; sourceTree = SDKROOT; };
		C8C8FA651AEEB66D00E5E46C /* MediaPlayer.framework */ = {isa = PBXFileReference; lastKnownFileType = wrapper.framework; name = MediaPlayer.framework; path = System/Library/Frameworks/MediaPlayer.framework; sourceTree = SDKROOT; };
		C8C8FA671AEEB68700E5E46C /* libMobileVLCKit.a */ = {isa = PBXFileReference; lastKnownFileType = archive.ar; name = libMobileVLCKit.a; path = Libraries/MobileVLCKit/libMobileVLCKit.a; sourceTree = "<group>"; };
		C8C8FA6A1AEEB6E500E5E46C /* libstdc++.dylib */ = {isa = PBXFileReference; lastKnownFileType = "compiled.mach-o.dylib"; name = "libstdc++.dylib"; path = "usr/lib/libstdc++.dylib"; sourceTree = SDKROOT; };
		C8C8FA6C1AEEB6F200E5E46C /* libsqlite3.dylib */ = {isa = PBXFileReference; lastKnownFileType = "compiled.mach-o.dylib"; name = libsqlite3.dylib; path = usr/lib/libsqlite3.dylib; sourceTree = SDKROOT; };
		C8C8FA6E1AEEB70300E5E46C /* Foundation.framework */ = {isa = PBXFileReference; lastKnownFileType = wrapper.framework; name = Foundation.framework; path = System/Library/Frameworks/Foundation.framework; sourceTree = SDKROOT; };
		C8C8FA701AEEB70A00E5E46C /* UIKit.framework */ = {isa = PBXFileReference; lastKnownFileType = wrapper.framework; name = UIKit.framework; path = System/Library/Frameworks/UIKit.framework; sourceTree = SDKROOT; };
		C8C8FA721AEEB71F00E5E46C /* SystemConfiguration.framework */ = {isa = PBXFileReference; lastKnownFileType = wrapper.framework; name = SystemConfiguration.framework; path = System/Library/Frameworks/SystemConfiguration.framework; sourceTree = SDKROOT; };
		C8C8FA741AEEB88900E5E46C /* libbz2.dylib */ = {isa = PBXFileReference; lastKnownFileType = "compiled.mach-o.dylib"; name = libbz2.dylib; path = usr/lib/libbz2.dylib; sourceTree = SDKROOT; };
		C8C8FA761AEEB89900E5E46C /* libxml2.dylib */ = {isa = PBXFileReference; lastKnownFileType = "compiled.mach-o.dylib"; name = libxml2.dylib; path = usr/lib/libxml2.dylib; sourceTree = SDKROOT; };
		C8C8FA781AEEB8B000E5E46C /* Security.framework */ = {isa = PBXFileReference; lastKnownFileType = wrapper.framework; name = Security.framework; path = System/Library/Frameworks/Security.framework; sourceTree = SDKROOT; };
		C8C8FA7A1AEEBCB600E5E46C /* libiconv.dylib */ = {isa = PBXFileReference; lastKnownFileType = "compiled.mach-o.dylib"; name = libiconv.dylib; path = usr/lib/libiconv.dylib; sourceTree = SDKROOT; };
/* End PBXFileReference section */

/* Begin PBXFrameworksBuildPhase section */
		C8C8FA2F1AEEADAD00E5E46C /* Frameworks */ = {
			isa = PBXFrameworksBuildPhase;
			buildActionMask = 2147483647;
			files = (
				C8C8FA7B1AEEBCB600E5E46C /* libiconv.dylib in Frameworks */,
				C8C8FA6D1AEEB6F200E5E46C /* libsqlite3.dylib in Frameworks */,
				C8C8FA751AEEB88900E5E46C /* libbz2.dylib in Frameworks */,
				C8C8FA771AEEB89900E5E46C /* libxml2.dylib in Frameworks */,
				C8C8FA641AEEB66500E5E46C /* AudioToolbox.framework in Frameworks */,
				C8C8FA621AEEB65F00E5E46C /* AVFoundation.framework in Frameworks */,
				C8C8FA601AEEB65A00E5E46C /* CFNetwork.framework in Frameworks */,
				C8C8FA791AEEB8B000E5E46C /* Security.framework in Frameworks */,
				C8C8FA731AEEB71F00E5E46C /* SystemConfiguration.framework in Frameworks */,
				C8C8FA661AEEB66D00E5E46C /* MediaPlayer.framework in Frameworks */,
				C8C8FA711AEEB70A00E5E46C /* UIKit.framework in Frameworks */,
				C8C8FA6F1AEEB70300E5E46C /* Foundation.framework in Frameworks */,
				C8C8FA681AEEB68700E5E46C /* libMobileVLCKit.a in Frameworks */,
			);
			runOnlyForDeploymentPostprocessing = 0;
		};
		C8C8FA481AEEADAD00E5E46C /* Frameworks */ = {
			isa = PBXFrameworksBuildPhase;
			buildActionMask = 2147483647;
			files = (
			);
			runOnlyForDeploymentPostprocessing = 0;
		};
/* End PBXFrameworksBuildPhase section */

/* Begin PBXGroup section */
		C8C8FA291AEEADAD00E5E46C = {
			isa = PBXGroup;
			children = (
				C8C8FA341AEEADAD00E5E46C /* SloRadio */,
				C8C8FA4E1AEEADAD00E5E46C /* SloRadioTests */,
				C8C8FA691AEEB69700E5E46C /* Frameworks */,
				C8C8FA331AEEADAD00E5E46C /* Products */,
			);
			sourceTree = "<group>";
		};
		C8C8FA331AEEADAD00E5E46C /* Products */ = {
			isa = PBXGroup;
			children = (
				C8C8FA321AEEADAD00E5E46C /* SloRadio.app */,
				C8C8FA4B1AEEADAD00E5E46C /* SloRadioTests.xctest */,
			);
			name = Products;
			sourceTree = "<group>";
		};
		C8C8FA341AEEADAD00E5E46C /* SloRadio */ = {
			isa = PBXGroup;
			children = (
				C8C8FA5B1AEEAF0100E5E46C /* Player */,
				C8C8FA391AEEADAD00E5E46C /* AppDelegate.h */,
				C8C8FA3A1AEEADAD00E5E46C /* AppDelegate.m */,
				C8C8FA3C1AEEADAD00E5E46C /* ViewController.h */,
				C8C8FA3D1AEEADAD00E5E46C /* ViewController.m */,
				C8C8FA3F1AEEADAD00E5E46C /* Main.storyboard */,
				C8C8FA421AEEADAD00E5E46C /* Images.xcassets */,
				C8C8FA441AEEADAD00E5E46C /* LaunchScreen.xib */,
				C8C8FA351AEEADAD00E5E46C /* Supporting Files */,
			);
			path = SloRadio;
			sourceTree = "<group>";
		};
		C8C8FA351AEEADAD00E5E46C /* Supporting Files */ = {
			isa = PBXGroup;
			children = (
				C8C8FA361AEEADAD00E5E46C /* Info.plist */,
				C8C8FA371AEEADAD00E5E46C /* main.mm */,
			);
			name = "Supporting Files";
			sourceTree = "<group>";
		};
		C8C8FA4E1AEEADAD00E5E46C /* SloRadioTests */ = {
			isa = PBXGroup;
			children = (
				C8C8FA511AEEADAD00E5E46C /* SloRadioTests.m */,
				C8C8FA4F1AEEADAD00E5E46C /* Supporting Files */,
			);
			path = SloRadioTests;
			sourceTree = "<group>";
		};
		C8C8FA4F1AEEADAD00E5E46C /* Supporting Files */ = {
			isa = PBXGroup;
			children = (
				C8C8FA501AEEADAD00E5E46C /* Info.plist */,
			);
			name = "Supporting Files";
			sourceTree = "<group>";
		};
		C8C8FA5B1AEEAF0100E5E46C /* Player */ = {
			isa = PBXGroup;
			children = (
				C8C8FA5C1AEEAF5A00E5E46C /* SRRadioPlayer.h */,
				C8C8FA5D1AEEAF5A00E5E46C /* SRRadioPlayer.m */,
			);
			name = Player;
			sourceTree = "<group>";
		};
		C8C8FA691AEEB69700E5E46C /* Frameworks */ = {
			isa = PBXGroup;
			children = (
				C8C8FA7A1AEEBCB600E5E46C /* libiconv.dylib */,
				C8C8FA671AEEB68700E5E46C /* libMobileVLCKit.a */,
				C8C8FA6C1AEEB6F200E5E46C /* libsqlite3.dylib */,
				C8C8FA6A1AEEB6E500E5E46C /* libstdc++.dylib */,
				C8C8FA761AEEB89900E5E46C /* libxml2.dylib */,
				C8C8FA741AEEB88900E5E46C /* libbz2.dylib */,
				C8C8FA781AEEB8B000E5E46C /* Security.framework */,
				C8C8FA721AEEB71F00E5E46C /* SystemConfiguration.framework */,
				C8C8FA701AEEB70A00E5E46C /* UIKit.framework */,
				C8C8FA6E1AEEB70300E5E46C /* Foundation.framework */,
				C8C8FA651AEEB66D00E5E46C /* MediaPlayer.framework */,
				C8C8FA631AEEB66500E5E46C /* AudioToolbox.framework */,
				C8C8FA611AEEB65F00E5E46C /* AVFoundation.framework */,
				C8C8FA5F1AEEB65A00E5E46C /* CFNetwork.framework */,
			);
			name = Frameworks;
			sourceTree = "<group>";
		};
/* End PBXGroup section */

/* Begin PBXNativeTarget section */
		C8C8FA311AEEADAD00E5E46C /* SloRadio */ = {
			isa = PBXNativeTarget;
			buildConfigurationList = C8C8FA551AEEADAD00E5E46C /* Build configuration list for PBXNativeTarget "SloRadio" */;
			buildPhases = (
				C8C8FA2E1AEEADAD00E5E46C /* Sources */,
				C8C8FA2F1AEEADAD00E5E46C /* Frameworks */,
				C8C8FA301AEEADAD00E5E46C /* Resources */,
			);
			buildRules = (
			);
			dependencies = (
			);
			name = SloRadio;
			productName = SloRadio;
			productReference = C8C8FA321AEEADAD00E5E46C /* SloRadio.app */;
			productType = "com.apple.product-type.application";
		};
		C8C8FA4A1AEEADAD00E5E46C /* SloRadioTests */ = {
			isa = PBXNativeTarget;
			buildConfigurationList = C8C8FA581AEEADAD00E5E46C /* Build configuration list for PBXNativeTarget "SloRadioTests" */;
			buildPhases = (
				C8C8FA471AEEADAD00E5E46C /* Sources */,
				C8C8FA481AEEADAD00E5E46C /* Frameworks */,
				C8C8FA491AEEADAD00E5E46C /* Resources */,
			);
			buildRules = (
			);
			dependencies = (
				C8C8FA4D1AEEADAD00E5E46C /* PBXTargetDependency */,
			);
			name = SloRadioTests;
			productName = SloRadioTests;
			productReference = C8C8FA4B1AEEADAD00E5E46C /* SloRadioTests.xctest */;
			productType = "com.apple.product-type.bundle.unit-test";
		};
/* End PBXNativeTarget section */

/* Begin PBXProject section */
		C8C8FA2A1AEEADAD00E5E46C /* Project object */ = {
			isa = PBXProject;
			attributes = {
				LastUpgradeCheck = 0630;
				ORGANIZATIONNAME = "Jernej Fijačko";
				TargetAttributes = {
					C8C8FA311AEEADAD00E5E46C = {
						CreatedOnToolsVersion = 6.3.1;
					};
					C8C8FA4A1AEEADAD00E5E46C = {
						CreatedOnToolsVersion = 6.3.1;
						TestTargetID = C8C8FA311AEEADAD00E5E46C;
					};
				};
			};
			buildConfigurationList = C8C8FA2D1AEEADAD00E5E46C /* Build configuration list for PBXProject "SloRadio" */;
			compatibilityVersion = "Xcode 3.2";
			developmentRegion = English;
			hasScannedForEncodings = 0;
			knownRegions = (
				en,
				Base,
			);
			mainGroup = C8C8FA291AEEADAD00E5E46C;
			productRefGroup = C8C8FA331AEEADAD00E5E46C /* Products */;
			projectDirPath = "";
			projectRoot = "";
			targets = (
				C8C8FA311AEEADAD00E5E46C /* SloRadio */,
				C8C8FA4A1AEEADAD00E5E46C /* SloRadioTests */,
			);
		};
/* End PBXProject section */

/* Begin PBXResourcesBuildPhase section */
		C8C8FA301AEEADAD00E5E46C /* Resources */ = {
			isa = PBXResourcesBuildPhase;
			buildActionMask = 2147483647;
			files = (
				C8C8FA411AEEADAD00E5E46C /* Main.storyboard in Resources */,
				C8C8FA461AEEADAD00E5E46C /* LaunchScreen.xib in Resources */,
				C8C8FA431AEEADAD00E5E46C /* Images.xcassets in Resources */,
			);
			runOnlyForDeploymentPostprocessing = 0;
		};
		C8C8FA491AEEADAD00E5E46C /* Resources */ = {
			isa = PBXResourcesBuildPhase;
			buildActionMask = 2147483647;
			files = (
			);
			runOnlyForDeploymentPostprocessing = 0;
		};
/* End PBXResourcesBuildPhase section */

/* Begin PBXSourcesBuildPhase section */
		C8C8FA2E1AEEADAD00E5E46C /* Sources */ = {
			isa = PBXSourcesBuildPhase;
			buildActionMask = 2147483647;
			files = (
				C8C8FA3E1AEEADAD00E5E46C /* ViewController.m in Sources */,
				C8C8FA3B1AEEADAD00E5E46C /* AppDelegate.m in Sources */,
				C8C8FA381AEEADAD00E5E46C /* main.mm in Sources */,
				C8C8FA5E1AEEAF5A00E5E46C /* SRRadioPlayer.m in Sources */,
			);
			runOnlyForDeploymentPostprocessing = 0;
		};
		C8C8FA471AEEADAD00E5E46C /* Sources */ = {
			isa = PBXSourcesBuildPhase;
			buildActionMask = 2147483647;
			files = (
				C8C8FA521AEEADAD00E5E46C /* SloRadioTests.m in Sources */,
			);
			runOnlyForDeploymentPostprocessing = 0;
		};
/* End PBXSourcesBuildPhase section */

/* Begin PBXTargetDependency section */
		C8C8FA4D1AEEADAD00E5E46C /* PBXTargetDependency */ = {
			isa = PBXTargetDependency;
			target = C8C8FA311AEEADAD00E5E46C /* SloRadio */;
			targetProxy = C8C8FA4C1AEEADAD00E5E46C /* PBXContainerItemProxy */;
		};
/* End PBXTargetDependency section */

/* Begin PBXVariantGroup section */
		C8C8FA3F1AEEADAD00E5E46C /* Main.storyboard */ = {
			isa = PBXVariantGroup;
			children = (
				C8C8FA401AEEADAD00E5E46C /* Base */,
			);
			name = Main.storyboard;
			sourceTree = "<group>";
		};
		C8C8FA441AEEADAD00E5E46C /* LaunchScreen.xib */ = {
			isa = PBXVariantGroup;
			children = (
				C8C8FA451AEEADAD00E5E46C /* Base */,
			);
			name = LaunchScreen.xib;
			sourceTree = "<group>";
		};
/* End PBXVariantGroup section */

/* Begin XCBuildConfiguration section */
		C8C8FA531AEEADAD00E5E46C /* Debug */ = {
			isa = XCBuildConfiguration;
			buildSettings = {
				ALWAYS_SEARCH_USER_PATHS = NO;
				CLANG_CXX_LANGUAGE_STANDARD = "gnu++0x";
				CLANG_CXX_LIBRARY = "libc++";
				CLANG_ENABLE_MODULES = YES;
				CLANG_ENABLE_OBJC_ARC = YES;
				CLANG_WARN_BOOL_CONVERSION = YES;
				CLANG_WARN_CONSTANT_CONVERSION = YES;
				CLANG_WARN_DIRECT_OBJC_ISA_USAGE = YES_ERROR;
				CLANG_WARN_EMPTY_BODY = YES;
				CLANG_WARN_ENUM_CONVERSION = YES;
				CLANG_WARN_INT_CONVERSION = YES;
				CLANG_WARN_OBJC_ROOT_CLASS = YES_ERROR;
				CLANG_WARN_UNREACHABLE_CODE = YES;
				CLANG_WARN__DUPLICATE_METHOD_MATCH = YES;
				"CODE_SIGN_IDENTITY[sdk=iphoneos*]" = "iPhone Developer";
				COPY_PHASE_STRIP = NO;
				DEBUG_INFORMATION_FORMAT = "dwarf-with-dsym";
				ENABLE_STRICT_OBJC_MSGSEND = YES;
				GCC_C_LANGUAGE_STANDARD = gnu99;
				GCC_DYNAMIC_NO_PIC = NO;
				GCC_NO_COMMON_BLOCKS = YES;
				GCC_OPTIMIZATION_LEVEL = 0;
				GCC_PREPROCESSOR_DEFINITIONS = (
					"DEBUG=1",
					"$(inherited)",
				);
				GCC_SYMBOLS_PRIVATE_EXTERN = NO;
				GCC_WARN_64_TO_32_BIT_CONVERSION = YES;
				GCC_WARN_ABOUT_RETURN_TYPE = YES_ERROR;
				GCC_WARN_UNDECLARED_SELECTOR = YES;
				GCC_WARN_UNINITIALIZED_AUTOS = YES_AGGRESSIVE;
				GCC_WARN_UNUSED_FUNCTION = YES;
				GCC_WARN_UNUSED_VARIABLE = YES;
				IPHONEOS_DEPLOYMENT_TARGET = 8.3;
				MTL_ENABLE_DEBUG_INFO = YES;
				ONLY_ACTIVE_ARCH = YES;
				SDKROOT = iphoneos;
				TARGETED_DEVICE_FAMILY = "1,2";
			};
			name = Debug;
		};
		C8C8FA541AEEADAD00E5E46C /* Release */ = {
			isa = XCBuildConfiguration;
			buildSettings = {
				ALWAYS_SEARCH_USER_PATHS = NO;
				CLANG_CXX_LANGUAGE_STANDARD = "gnu++0x";
				CLANG_CXX_LIBRARY = "libc++";
				CLANG_ENABLE_MODULES = YES;
				CLANG_ENABLE_OBJC_ARC = YES;
				CLANG_WARN_BOOL_CONVERSION = YES;
				CLANG_WARN_CONSTANT_CONVERSION = YES;
				CLANG_WARN_DIRECT_OBJC_ISA_USAGE = YES_ERROR;
				CLANG_WARN_EMPTY_BODY = YES;
				CLANG_WARN_ENUM_CONVERSION = YES;
				CLANG_WARN_INT_CONVERSION = YES;
				CLANG_WARN_OBJC_ROOT_CLASS = YES_ERROR;
				CLANG_WARN_UNREACHABLE_CODE = YES;
				CLANG_WARN__DUPLICATE_METHOD_MATCH = YES;
				"CODE_SIGN_IDENTITY[sdk=iphoneos*]" = "iPhone Developer";
				COPY_PHASE_STRIP = NO;
				DEBUG_INFORMATION_FORMAT = "dwarf-with-dsym";
				ENABLE_NS_ASSERTIONS = NO;
				ENABLE_STRICT_OBJC_MSGSEND = YES;
				GCC_C_LANGUAGE_STANDARD = gnu99;
				GCC_NO_COMMON_BLOCKS = YES;
				GCC_WARN_64_TO_32_BIT_CONVERSION = YES;
				GCC_WARN_ABOUT_RETURN_TYPE = YES_ERROR;
				GCC_WARN_UNDECLARED_SELECTOR = YES;
				GCC_WARN_UNINITIALIZED_AUTOS = YES_AGGRESSIVE;
				GCC_WARN_UNUSED_FUNCTION = YES;
				GCC_WARN_UNUSED_VARIABLE = YES;
				IPHONEOS_DEPLOYMENT_TARGET = 8.3;
				MTL_ENABLE_DEBUG_INFO = NO;
				SDKROOT = iphoneos;
				TARGETED_DEVICE_FAMILY = "1,2";
				VALIDATE_PRODUCT = YES;
			};
			name = Release;
		};
		C8C8FA561AEEADAD00E5E46C /* Debug */ = {
			isa = XCBuildConfiguration;
			buildSettings = {
				ASSETCATALOG_COMPILER_APPICON_NAME = AppIcon;
				CLANG_CXX_LIBRARY = "libstdc++";
				GCC_C_LANGUAGE_STANDARD = c99;
				GCC_NO_COMMON_BLOCKS = NO;
				GCC_PRECOMPILE_PREFIX_HEADER = NO;
				GCC_WARN_UNINITIALIZED_AUTOS = YES;
				HEADER_SEARCH_PATHS = (
					"$(inherited)",
					/Applications/Xcode.app/Contents/Developer/Toolchains/XcodeDefault.xctoolchain/usr/include,
					Libraries/MobileVLCKit/include,
				);
				INFOPLIST_FILE = SloRadio/Info.plist;
				IPHONEOS_DEPLOYMENT_TARGET = 7.0;
				LD_RUNPATH_SEARCH_PATHS = "$(inherited) @executable_path/Frameworks";
				LIBRARY_SEARCH_PATHS = "$(PROJECT_DIR)/Libraries/MobileVLCKit";
				OTHER_LDFLAGS = "-Wl,-no_pie";
				PRODUCT_NAME = "$(TARGET_NAME)";
			};
			name = Debug;
		};
		C8C8FA571AEEADAD00E5E46C /* Release */ = {
			isa = XCBuildConfiguration;
			buildSettings = {
				ASSETCATALOG_COMPILER_APPICON_NAME = AppIcon;
				CLANG_CXX_LIBRARY = "libstdc++";
				GCC_C_LANGUAGE_STANDARD = c99;
				GCC_NO_COMMON_BLOCKS = NO;
				GCC_PRECOMPILE_PREFIX_HEADER = NO;
				GCC_WARN_UNINITIALIZED_AUTOS = YES;
				HEADER_SEARCH_PATHS = (
					"$(inherited)",
					/Applications/Xcode.app/Contents/Developer/Toolchains/XcodeDefault.xctoolchain/usr/include,
					Libraries/MobileVLCKit/include,
				);
				INFOPLIST_FILE = SloRadio/Info.plist;
				IPHONEOS_DEPLOYMENT_TARGET = 7.0;
				LD_RUNPATH_SEARCH_PATHS = "$(inherited) @executable_path/Frameworks";
				LIBRARY_SEARCH_PATHS = "$(PROJECT_DIR)/Libraries/MobileVLCKit";
				OTHER_LDFLAGS = "-Wl,-no_pie";
				PRODUCT_NAME = "$(TARGET_NAME)";
			};
			name = Release;
		};
		C8C8FA591AEEADAD00E5E46C /* Debug */ = {
			isa = XCBuildConfiguration;
			buildSettings = {
				BUNDLE_LOADER = "$(TEST_HOST)";
				FRAMEWORK_SEARCH_PATHS = (
					"$(SDKROOT)/Developer/Library/Frameworks",
					"$(inherited)",
				);
				GCC_PREPROCESSOR_DEFINITIONS = (
					"DEBUG=1",
					"$(inherited)",
				);
				INFOPLIST_FILE = SloRadioTests/Info.plist;
				LD_RUNPATH_SEARCH_PATHS = "$(inherited) @executable_path/Frameworks @loader_path/Frameworks";
				PRODUCT_NAME = "$(TARGET_NAME)";
				TEST_HOST = "$(BUILT_PRODUCTS_DIR)/SloRadio.app/SloRadio";
			};
			name = Debug;
		};
		C8C8FA5A1AEEADAD00E5E46C /* Release */ = {
			isa = XCBuildConfiguration;
			buildSettings = {
				BUNDLE_LOADER = "$(TEST_HOST)";
				FRAMEWORK_SEARCH_PATHS = (
					"$(SDKROOT)/Developer/Library/Frameworks",
					"$(inherited)",
				);
				INFOPLIST_FILE = SloRadioTests/Info.plist;
				LD_RUNPATH_SEARCH_PATHS = "$(inherited) @executable_path/Frameworks @loader_path/Frameworks";
				PRODUCT_NAME = "$(TARGET_NAME)";
				TEST_HOST = "$(BUILT_PRODUCTS_DIR)/SloRadio.app/SloRadio";
			};
			name = Release;
		};
/* End XCBuildConfiguration section */

/* Begin XCConfigurationList section */
		C8C8FA2D1AEEADAD00E5E46C /* Build configuration list for PBXProject "SloRadio" */ = {
			isa = XCConfigurationList;
			buildConfigurations = (
				C8C8FA531AEEADAD00E5E46C /* Debug */,
				C8C8FA541AEEADAD00E5E46C /* Release */,
			);
			defaultConfigurationIsVisible = 0;
			defaultConfigurationName = Release;
		};
		C8C8FA551AEEADAD00E5E46C /* Build configuration list for PBXNativeTarget "SloRadio" */ = {
			isa = XCConfigurationList;
			buildConfigurations = (
				C8C8FA561AEEADAD00E5E46C /* Debug */,
				C8C8FA571AEEADAD00E5E46C /* Release */,
			);
			defaultConfigurationIsVisible = 0;
		};
		C8C8FA581AEEADAD00E5E46C /* Build configuration list for PBXNativeTarget "SloRadioTests" */ = {
			isa = XCConfigurationList;
			buildConfigurations = (
				C8C8FA591AEEADAD00E5E46C /* Debug */,
				C8C8FA5A1AEEADAD00E5E46C /* Release */,
			);
			defaultConfigurationIsVisible = 0;
		};
/* End XCConfigurationList section */
	};
	rootObject = C8C8FA2A1AEEADAD00E5E46C /* Project object */;
}
