// !$*UTF8*$!
{
	archiveVersion = 1;
	classes = {
	};
	objectVersion = 52;
	objects = {

/* Begin PBXBuildFile section */
		C81D33091AEF83920076BF01 /* AMSlideMenuContentSegue.m in Sources */ = {isa = PBXBuildFile; fileRef = C81D32FB1AEF83920076BF01 /* AMSlideMenuContentSegue.m */; };
		C81D330A1AEF83920076BF01 /* AMSlideMenuLeftMenuSegue.m in Sources */ = {isa = PBXBuildFile; fileRef = C81D32FD1AEF83920076BF01 /* AMSlideMenuLeftMenuSegue.m */; };
		C81D330B1AEF83920076BF01 /* AMSlideMenuLeftTableViewController.m in Sources */ = {isa = PBXBuildFile; fileRef = C81D32FF1AEF83920076BF01 /* AMSlideMenuLeftTableViewController.m */; };
		C81D330C1AEF83920076BF01 /* AMSlideMenuMainViewController.m in Sources */ = {isa = PBXBuildFile; fileRef = C81D33011AEF83920076BF01 /* AMSlideMenuMainViewController.m */; };
		C81D330D1AEF83920076BF01 /* AMSlideMenuRightMenuSegue.m in Sources */ = {isa = PBXBuildFile; fileRef = C81D33041AEF83920076BF01 /* AMSlideMenuRightMenuSegue.m */; };
		C81D330E1AEF83920076BF01 /* AMSlideMenuRightTableViewController.m in Sources */ = {isa = PBXBuildFile; fileRef = C81D33061AEF83920076BF01 /* AMSlideMenuRightTableViewController.m */; };
		C81D330F1AEF83920076BF01 /* UIViewController+AMSlideMenu.m in Sources */ = {isa = PBXBuildFile; fileRef = C81D33081AEF83920076BF01 /* UIViewController+AMSlideMenu.m */; };
		C81D33121AEF83CE0076BF01 /* SRLeftMenuViewController.m in Sources */ = {isa = PBXBuildFile; fileRef = C81D33111AEF83CE0076BF01 /* SRLeftMenuViewController.m */; };
		C81D33171AEF84900076BF01 /* SRRadioViewController.m in Sources */ = {isa = PBXBuildFile; fileRef = C81D33161AEF84900076BF01 /* SRRadioViewController.m */; };
		C824E3811FF5226D00EF1B03 /* VideoToolbox.framework in Frameworks */ = {isa = PBXBuildFile; fileRef = C824E3801FF5226D00EF1B03 /* VideoToolbox.framework */; settings = {ATTRIBUTES = (Weak, ); }; };
		C837454E1AF11715002EBB84 /* SRAppearance.m in Sources */ = {isa = PBXBuildFile; fileRef = C837454D1AF11715002EBB84 /* SRAppearance.m */; };
		C83745641AF24FAF002EBB84 /* SRAddRadioViewController.m in Sources */ = {isa = PBXBuildFile; fileRef = C83745631AF24FAF002EBB84 /* SRAddRadioViewController.m */; };
		C83745681AF26E58002EBB84 /* SRTextInputCell.m in Sources */ = {isa = PBXBuildFile; fileRef = C83745671AF26E58002EBB84 /* SRTextInputCell.m */; };
		C837456C1AF28016002EBB84 /* MBProgressHUD.m in Sources */ = {isa = PBXBuildFile; fileRef = C837456B1AF28016002EBB84 /* MBProgressHUD.m */; };
		C83745771AF50BC5002EBB84 /* UITableView+Separators.m in Sources */ = {isa = PBXBuildFile; fileRef = C83745761AF50BC5002EBB84 /* UITableView+Separators.m */; };
		C837457B1AF50C83002EBB84 /* SRSeparatorView.m in Sources */ = {isa = PBXBuildFile; fileRef = C837457A1AF50C83002EBB84 /* SRSeparatorView.m */; };
		C837457E1AF51C93002EBB84 /* SRNowPlayingView.m in Sources */ = {isa = PBXBuildFile; fileRef = C837457D1AF51C93002EBB84 /* SRNowPlayingView.m */; };
		C83745821AF51D9B002EBB84 /* CBAutoScrollLabel.m in Sources */ = {isa = PBXBuildFile; fileRef = C83745811AF51D9B002EBB84 /* CBAutoScrollLabel.m */; };
		C83745981AF554FD002EBB84 /* SRRadioTableViewCell.m in Sources */ = {isa = PBXBuildFile; fileRef = C83745971AF554FD002EBB84 /* SRRadioTableViewCell.m */; };
		C837459C1AF56613002EBB84 /* MCSwipeTableViewCell.m in Sources */ = {isa = PBXBuildFile; fileRef = C837459B1AF56613002EBB84 /* MCSwipeTableViewCell.m */; };
		C837459F1AF61B0C002EBB84 /* UIImage+Color.m in Sources */ = {isa = PBXBuildFile; fileRef = C837459E1AF61B0C002EBB84 /* UIImage+Color.m */; };
		C83745A31AF634C4002EBB84 /* Reachability.m in Sources */ = {isa = PBXBuildFile; fileRef = C83745A21AF634C4002EBB84 /* Reachability.m */; };
		C83745A61AF6426D002EBB84 /* SRSleepTimer.m in Sources */ = {isa = PBXBuildFile; fileRef = C83745A51AF6426D002EBB84 /* SRSleepTimer.m */; };
		C84DCC721AFD28570062C8F7 /* SRSliderTableViewCell.m in Sources */ = {isa = PBXBuildFile; fileRef = C84DCC711AFD28570062C8F7 /* SRSliderTableViewCell.m */; };
		C84DCC7B1AFE06380062C8F7 /* MobileVLCKit.framework in Frameworks */ = {isa = PBXBuildFile; fileRef = C84DCC7A1AFE06380062C8F7 /* MobileVLCKit.framework */; };
		C88849FA20416B1C008B0276 /* CoreTelephony.framework in Frameworks */ = {isa = PBXBuildFile; fileRef = C88849F920416B1C008B0276 /* CoreTelephony.framework */; };
		C8A46F0E1AF961030031888D /* Localizable.strings in Resources */ = {isa = PBXBuildFile; fileRef = C8A46F0C1AF961030031888D /* Localizable.strings */; };
		C8B1D3A01AEFF20E00A5E0A0 /* SRDataManager.m in Sources */ = {isa = PBXBuildFile; fileRef = C8B1D39F1AEFF20E00A5E0A0 /* SRDataManager.m */; };
		C8B1D3A31AEFF3B400A5E0A0 /* SRRadioStation.m in Sources */ = {isa = PBXBuildFile; fileRef = C8B1D3A21AEFF3B400A5E0A0 /* SRRadioStation.m */; };
		C8BA48791FF5A5E100EA457A /* SRTableViewCell.m in Sources */ = {isa = PBXBuildFile; fileRef = C8BA48781FF5A5E100EA457A /* SRTableViewCell.m */; };
		C8C8FA381AEEADAD00E5E46C /* main.mm in Sources */ = {isa = PBXBuildFile; fileRef = C8C8FA371AEEADAD00E5E46C /* main.mm */; };
		C8C8FA3B1AEEADAD00E5E46C /* SRAppDelegate.m in Sources */ = {isa = PBXBuildFile; fileRef = C8C8FA3A1AEEADAD00E5E46C /* SRAppDelegate.m */; };
		C8C8FA3E1AEEADAD00E5E46C /* SRMainViewController.m in Sources */ = {isa = PBXBuildFile; fileRef = C8C8FA3D1AEEADAD00E5E46C /* SRMainViewController.m */; };
		C8C8FA431AEEADAD00E5E46C /* Images.xcassets in Resources */ = {isa = PBXBuildFile; fileRef = C8C8FA421AEEADAD00E5E46C /* Images.xcassets */; };
		C8C8FA461AEEADAD00E5E46C /* LaunchScreen.xib in Resources */ = {isa = PBXBuildFile; fileRef = C8C8FA441AEEADAD00E5E46C /* LaunchScreen.xib */; };
		C8C8FA521AEEADAD00E5E46C /* SloRadioTests.m in Sources */ = {isa = PBXBuildFile; fileRef = C8C8FA511AEEADAD00E5E46C /* SloRadioTests.m */; };
		C8C8FA5E1AEEAF5A00E5E46C /* SRRadioPlayer.m in Sources */ = {isa = PBXBuildFile; fileRef = C8C8FA5D1AEEAF5A00E5E46C /* SRRadioPlayer.m */; };
		C8C8FA601AEEB65A00E5E46C /* CFNetwork.framework in Frameworks */ = {isa = PBXBuildFile; fileRef = C8C8FA5F1AEEB65A00E5E46C /* CFNetwork.framework */; };
		C8C8FA621AEEB65F00E5E46C /* AVFoundation.framework in Frameworks */ = {isa = PBXBuildFile; fileRef = C8C8FA611AEEB65F00E5E46C /* AVFoundation.framework */; };
		C8C8FA641AEEB66500E5E46C /* AudioToolbox.framework in Frameworks */ = {isa = PBXBuildFile; fileRef = C8C8FA631AEEB66500E5E46C /* AudioToolbox.framework */; };
		C8C8FA661AEEB66D00E5E46C /* MediaPlayer.framework in Frameworks */ = {isa = PBXBuildFile; fileRef = C8C8FA651AEEB66D00E5E46C /* MediaPlayer.framework */; };
		C8C8FA6D1AEEB6F200E5E46C /* libsqlite3.dylib in Frameworks */ = {isa = PBXBuildFile; fileRef = C8C8FA6C1AEEB6F200E5E46C /* libsqlite3.dylib */; };
		C8C8FA6F1AEEB70300E5E46C /* Foundation.framework in Frameworks */ = {isa = PBXBuildFile; fileRef = C8C8FA6E1AEEB70300E5E46C /* Foundation.framework */; };
		C8C8FA711AEEB70A00E5E46C /* UIKit.framework in Frameworks */ = {isa = PBXBuildFile; fileRef = C8C8FA701AEEB70A00E5E46C /* UIKit.framework */; };
		C8C8FA731AEEB71F00E5E46C /* SystemConfiguration.framework in Frameworks */ = {isa = PBXBuildFile; fileRef = C8C8FA721AEEB71F00E5E46C /* SystemConfiguration.framework */; };
		C8C8FA751AEEB88900E5E46C /* libbz2.dylib in Frameworks */ = {isa = PBXBuildFile; fileRef = C8C8FA741AEEB88900E5E46C /* libbz2.dylib */; };
		C8C8FA771AEEB89900E5E46C /* libxml2.dylib in Frameworks */ = {isa = PBXBuildFile; fileRef = C8C8FA761AEEB89900E5E46C /* libxml2.dylib */; };
		C8C8FA791AEEB8B000E5E46C /* Security.framework in Frameworks */ = {isa = PBXBuildFile; fileRef = C8C8FA781AEEB8B000E5E46C /* Security.framework */; };
		C8C8FA7B1AEEBCB600E5E46C /* libiconv.dylib in Frameworks */ = {isa = PBXBuildFile; fileRef = C8C8FA7A1AEEBCB600E5E46C /* libiconv.dylib */; };
		C8FCC27E1AF69F9F00DE77EC /* SRSleepTimerView.m in Sources */ = {isa = PBXBuildFile; fileRef = C8FCC27D1AF69F9F00DE77EC /* SRSleepTimerView.m */; };
		C8FCC28A1AF7F09500DE77EC /* SRSettingsViewController.m in Sources */ = {isa = PBXBuildFile; fileRef = C8FCC2891AF7F09500DE77EC /* SRSettingsViewController.m */; };
		C8FCC28E1AF7F68C00DE77EC /* SRSettingsPickerCell.m in Sources */ = {isa = PBXBuildFile; fileRef = C8FCC28D1AF7F68C00DE77EC /* SRSettingsPickerCell.m */; };
		C8FCC29B1AF91DDB00DE77EC /* SRAboutViewController.m in Sources */ = {isa = PBXBuildFile; fileRef = C8FCC2991AF91DDB00DE77EC /* SRAboutViewController.m */; };
		C8FCC29F1AF9347400DE77EC /* SRAcknowledgementsViewController.m in Sources */ = {isa = PBXBuildFile; fileRef = C8FCC29E1AF9347400DE77EC /* SRAcknowledgementsViewController.m */; };
		C8FCC2A11AF938B300DE77EC /* acknowledgements.txt in Resources */ = {isa = PBXBuildFile; fileRef = C8FCC2A01AF938B300DE77EC /* acknowledgements.txt */; };
		C8FE88FE24F2D38600BBD72D /* HomeKit.framework in Frameworks */ = {isa = PBXBuildFile; fileRef = C8FE88FD24F2D38600BBD72D /* HomeKit.framework */; };
		C8FE890B24F2EDF200BBD72D /* GoogleAppMeasurement.framework in Frameworks */ = {isa = PBXBuildFile; fileRef = C8FE890024F2EDF200BBD72D /* GoogleAppMeasurement.framework */; };
		C8FE890C24F2EDF200BBD72D /* FIRAnalyticsConnector.framework in Frameworks */ = {isa = PBXBuildFile; fileRef = C8FE890124F2EDF200BBD72D /* FIRAnalyticsConnector.framework */; };
		C8FE890D24F2EDF200BBD72D /* FirebaseCrashlytics.xcframework in Frameworks */ = {isa = PBXBuildFile; fileRef = C8FE890224F2EDF200BBD72D /* FirebaseCrashlytics.xcframework */; };
		C8FE890E24F2EDF200BBD72D /* FirebaseCoreDiagnostics.xcframework in Frameworks */ = {isa = PBXBuildFile; fileRef = C8FE890324F2EDF200BBD72D /* FirebaseCoreDiagnostics.xcframework */; };
		C8FE890F24F2EDF200BBD72D /* GoogleDataTransport.xcframework in Frameworks */ = {isa = PBXBuildFile; fileRef = C8FE890424F2EDF200BBD72D /* GoogleDataTransport.xcframework */; };
		C8FE891024F2EDF200BBD72D /* nanopb.xcframework in Frameworks */ = {isa = PBXBuildFile; fileRef = C8FE890524F2EDF200BBD72D /* nanopb.xcframework */; };
		C8FE891124F2EDF200BBD72D /* FirebaseCore.xcframework in Frameworks */ = {isa = PBXBuildFile; fileRef = C8FE890624F2EDF200BBD72D /* FirebaseCore.xcframework */; };
		C8FE891224F2EDF200BBD72D /* FirebaseAnalytics.framework in Frameworks */ = {isa = PBXBuildFile; fileRef = C8FE890724F2EDF200BBD72D /* FirebaseAnalytics.framework */; };
		C8FE891324F2EDF200BBD72D /* GoogleUtilities.xcframework in Frameworks */ = {isa = PBXBuildFile; fileRef = C8FE890824F2EDF200BBD72D /* GoogleUtilities.xcframework */; };
		C8FE891424F2EDF200BBD72D /* PromisesObjC.xcframework in Frameworks */ = {isa = PBXBuildFile; fileRef = C8FE890924F2EDF200BBD72D /* PromisesObjC.xcframework */; };
		C8FE891524F2EDF200BBD72D /* FirebaseInstallations.xcframework in Frameworks */ = {isa = PBXBuildFile; fileRef = C8FE890A24F2EDF200BBD72D /* FirebaseInstallations.xcframework */; };
		C8FE891724F2EE4900BBD72D /* GoogleService-Info.plist in Resources */ = {isa = PBXBuildFile; fileRef = C8FE891624F2EE4900BBD72D /* GoogleService-Info.plist */; };
/* End PBXBuildFile section */

/* Begin PBXContainerItemProxy section */
		C8C8FA4C1AEEADAD00E5E46C /* PBXContainerItemProxy */ = {
			isa = PBXContainerItemProxy;
			containerPortal = C8C8FA2A1AEEADAD00E5E46C /* Project object */;
			proxyType = 1;
			remoteGlobalIDString = C8C8FA311AEEADAD00E5E46C;
			remoteInfo = SloRadio;
		};
/* End PBXContainerItemProxy section */

/* Begin PBXFileReference section */
		C81D32FA1AEF83920076BF01 /* AMSlideMenuContentSegue.h */ = {isa = PBXFileReference; fileEncoding = 4; lastKnownFileType = sourcecode.c.h; name = AMSlideMenuContentSegue.h; path = Libraries/AMSlideMenu/AMSlideMenuContentSegue.h; sourceTree = "<group>"; };
		C81D32FB1AEF83920076BF01 /* AMSlideMenuContentSegue.m */ = {isa = PBXFileReference; fileEncoding = 4; lastKnownFileType = sourcecode.c.objc; name = AMSlideMenuContentSegue.m; path = Libraries/AMSlideMenu/AMSlideMenuContentSegue.m; sourceTree = "<group>"; };
		C81D32FC1AEF83920076BF01 /* AMSlideMenuLeftMenuSegue.h */ = {isa = PBXFileReference; fileEncoding = 4; lastKnownFileType = sourcecode.c.h; name = AMSlideMenuLeftMenuSegue.h; path = Libraries/AMSlideMenu/AMSlideMenuLeftMenuSegue.h; sourceTree = "<group>"; };
		C81D32FD1AEF83920076BF01 /* AMSlideMenuLeftMenuSegue.m */ = {isa = PBXFileReference; fileEncoding = 4; lastKnownFileType = sourcecode.c.objc; name = AMSlideMenuLeftMenuSegue.m; path = Libraries/AMSlideMenu/AMSlideMenuLeftMenuSegue.m; sourceTree = "<group>"; };
		C81D32FE1AEF83920076BF01 /* AMSlideMenuLeftTableViewController.h */ = {isa = PBXFileReference; fileEncoding = 4; lastKnownFileType = sourcecode.c.h; name = AMSlideMenuLeftTableViewController.h; path = Libraries/AMSlideMenu/AMSlideMenuLeftTableViewController.h; sourceTree = "<group>"; };
		C81D32FF1AEF83920076BF01 /* AMSlideMenuLeftTableViewController.m */ = {isa = PBXFileReference; fileEncoding = 4; lastKnownFileType = sourcecode.c.objc; name = AMSlideMenuLeftTableViewController.m; path = Libraries/AMSlideMenu/AMSlideMenuLeftTableViewController.m; sourceTree = "<group>"; };
		C81D33001AEF83920076BF01 /* AMSlideMenuMainViewController.h */ = {isa = PBXFileReference; fileEncoding = 4; lastKnownFileType = sourcecode.c.h; name = AMSlideMenuMainViewController.h; path = Libraries/AMSlideMenu/AMSlideMenuMainViewController.h; sourceTree = "<group>"; };
		C81D33011AEF83920076BF01 /* AMSlideMenuMainViewController.m */ = {isa = PBXFileReference; fileEncoding = 4; lastKnownFileType = sourcecode.c.objc; name = AMSlideMenuMainViewController.m; path = Libraries/AMSlideMenu/AMSlideMenuMainViewController.m; sourceTree = "<group>"; };
		C81D33021AEF83920076BF01 /* AMSlideMenuProtocols.h */ = {isa = PBXFileReference; fileEncoding = 4; lastKnownFileType = sourcecode.c.h; name = AMSlideMenuProtocols.h; path = Libraries/AMSlideMenu/AMSlideMenuProtocols.h; sourceTree = "<group>"; };
		C81D33031AEF83920076BF01 /* AMSlideMenuRightMenuSegue.h */ = {isa = PBXFileReference; fileEncoding = 4; lastKnownFileType = sourcecode.c.h; name = AMSlideMenuRightMenuSegue.h; path = Libraries/AMSlideMenu/AMSlideMenuRightMenuSegue.h; sourceTree = "<group>"; };
		C81D33041AEF83920076BF01 /* AMSlideMenuRightMenuSegue.m */ = {isa = PBXFileReference; fileEncoding = 4; lastKnownFileType = sourcecode.c.objc; name = AMSlideMenuRightMenuSegue.m; path = Libraries/AMSlideMenu/AMSlideMenuRightMenuSegue.m; sourceTree = "<group>"; };
		C81D33051AEF83920076BF01 /* AMSlideMenuRightTableViewController.h */ = {isa = PBXFileReference; fileEncoding = 4; lastKnownFileType = sourcecode.c.h; name = AMSlideMenuRightTableViewController.h; path = Libraries/AMSlideMenu/AMSlideMenuRightTableViewController.h; sourceTree = "<group>"; };
		C81D33061AEF83920076BF01 /* AMSlideMenuRightTableViewController.m */ = {isa = PBXFileReference; fileEncoding = 4; lastKnownFileType = sourcecode.c.objc; name = AMSlideMenuRightTableViewController.m; path = Libraries/AMSlideMenu/AMSlideMenuRightTableViewController.m; sourceTree = "<group>"; };
		C81D33071AEF83920076BF01 /* UIViewController+AMSlideMenu.h */ = {isa = PBXFileReference; fileEncoding = 4; lastKnownFileType = sourcecode.c.h; name = "UIViewController+AMSlideMenu.h"; path = "Libraries/AMSlideMenu/UIViewController+AMSlideMenu.h"; sourceTree = "<group>"; };
		C81D33081AEF83920076BF01 /* UIViewController+AMSlideMenu.m */ = {isa = PBXFileReference; fileEncoding = 4; lastKnownFileType = sourcecode.c.objc; name = "UIViewController+AMSlideMenu.m"; path = "Libraries/AMSlideMenu/UIViewController+AMSlideMenu.m"; sourceTree = "<group>"; };
		C81D33101AEF83CE0076BF01 /* SRLeftMenuViewController.h */ = {isa = PBXFileReference; fileEncoding = 4; lastKnownFileType = sourcecode.c.h; name = SRLeftMenuViewController.h; path = Source/Controllers/SRLeftMenuViewController.h; sourceTree = "<group>"; };
		C81D33111AEF83CE0076BF01 /* SRLeftMenuViewController.m */ = {isa = PBXFileReference; fileEncoding = 4; lastKnownFileType = sourcecode.c.objc; name = SRLeftMenuViewController.m; path = Source/Controllers/SRLeftMenuViewController.m; sourceTree = "<group>"; };
		C81D33151AEF84900076BF01 /* SRRadioViewController.h */ = {isa = PBXFileReference; fileEncoding = 4; lastKnownFileType = sourcecode.c.h; name = SRRadioViewController.h; path = Source/Controllers/SRRadioViewController.h; sourceTree = "<group>"; };
		C81D33161AEF84900076BF01 /* SRRadioViewController.m */ = {isa = PBXFileReference; fileEncoding = 4; lastKnownFileType = sourcecode.c.objc; name = SRRadioViewController.m; path = Source/Controllers/SRRadioViewController.m; sourceTree = "<group>"; };
		C81D33181AEF86D20076BF01 /* SRPrefixHeader.pch */ = {isa = PBXFileReference; lastKnownFileType = sourcecode.c.h; name = SRPrefixHeader.pch; path = Source/Base/SRPrefixHeader.pch; sourceTree = "<group>"; };
		C824E3801FF5226D00EF1B03 /* VideoToolbox.framework */ = {isa = PBXFileReference; lastKnownFileType = wrapper.framework; name = VideoToolbox.framework; path = System/Library/Frameworks/VideoToolbox.framework; sourceTree = SDKROOT; };
		C837454C1AF11715002EBB84 /* SRAppearance.h */ = {isa = PBXFileReference; fileEncoding = 4; lastKnownFileType = sourcecode.c.h; name = SRAppearance.h; path = Source/Appearance/SRAppearance.h; sourceTree = "<group>"; };
		C837454D1AF11715002EBB84 /* SRAppearance.m */ = {isa = PBXFileReference; fileEncoding = 4; lastKnownFileType = sourcecode.c.objc; name = SRAppearance.m; path = Source/Appearance/SRAppearance.m; sourceTree = "<group>"; };
		C83745621AF24FAF002EBB84 /* SRAddRadioViewController.h */ = {isa = PBXFileReference; fileEncoding = 4; lastKnownFileType = sourcecode.c.h; name = SRAddRadioViewController.h; path = Source/Controllers/SRAddRadioViewController.h; sourceTree = "<group>"; };
		C83745631AF24FAF002EBB84 /* SRAddRadioViewController.m */ = {isa = PBXFileReference; fileEncoding = 4; lastKnownFileType = sourcecode.c.objc; name = SRAddRadioViewController.m; path = Source/Controllers/SRAddRadioViewController.m; sourceTree = "<group>"; };
		C83745661AF26E58002EBB84 /* SRTextInputCell.h */ = {isa = PBXFileReference; fileEncoding = 4; lastKnownFileType = sourcecode.c.h; name = SRTextInputCell.h; path = Source/Cells/SRTextInputCell.h; sourceTree = "<group>"; };
		C83745671AF26E58002EBB84 /* SRTextInputCell.m */ = {isa = PBXFileReference; fileEncoding = 4; lastKnownFileType = sourcecode.c.objc; name = SRTextInputCell.m; path = Source/Cells/SRTextInputCell.m; sourceTree = "<group>"; };
		C837456A1AF28016002EBB84 /* MBProgressHUD.h */ = {isa = PBXFileReference; fileEncoding = 4; lastKnownFileType = sourcecode.c.h; name = MBProgressHUD.h; path = Libraries/MBProgressHud/MBProgressHUD.h; sourceTree = "<group>"; };
		C837456B1AF28016002EBB84 /* MBProgressHUD.m */ = {isa = PBXFileReference; fileEncoding = 4; lastKnownFileType = sourcecode.c.objc; name = MBProgressHUD.m; path = Libraries/MBProgressHud/MBProgressHUD.m; sourceTree = "<group>"; };
		C83745751AF50BC5002EBB84 /* UITableView+Separators.h */ = {isa = PBXFileReference; fileEncoding = 4; lastKnownFileType = sourcecode.c.h; name = "UITableView+Separators.h"; path = "Source/Categories/UITableView+Separators.h"; sourceTree = "<group>"; };
		C83745761AF50BC5002EBB84 /* UITableView+Separators.m */ = {isa = PBXFileReference; fileEncoding = 4; lastKnownFileType = sourcecode.c.objc; name = "UITableView+Separators.m"; path = "Source/Categories/UITableView+Separators.m"; sourceTree = "<group>"; };
		C83745791AF50C83002EBB84 /* SRSeparatorView.h */ = {isa = PBXFileReference; fileEncoding = 4; lastKnownFileType = sourcecode.c.h; name = SRSeparatorView.h; path = Source/Views/SRSeparatorView.h; sourceTree = "<group>"; };
		C837457A1AF50C83002EBB84 /* SRSeparatorView.m */ = {isa = PBXFileReference; fileEncoding = 4; lastKnownFileType = sourcecode.c.objc; name = SRSeparatorView.m; path = Source/Views/SRSeparatorView.m; sourceTree = "<group>"; };
		C837457C1AF51C93002EBB84 /* SRNowPlayingView.h */ = {isa = PBXFileReference; fileEncoding = 4; lastKnownFileType = sourcecode.c.h; name = SRNowPlayingView.h; path = Source/Views/SRNowPlayingView.h; sourceTree = "<group>"; };
		C837457D1AF51C93002EBB84 /* SRNowPlayingView.m */ = {isa = PBXFileReference; fileEncoding = 4; lastKnownFileType = sourcecode.c.objc; name = SRNowPlayingView.m; path = Source/Views/SRNowPlayingView.m; sourceTree = "<group>"; };
		C83745801AF51D9B002EBB84 /* CBAutoScrollLabel.h */ = {isa = PBXFileReference; fileEncoding = 4; lastKnownFileType = sourcecode.c.h; name = CBAutoScrollLabel.h; path = Libraries/CBAutoScrollLabel/CBAutoScrollLabel.h; sourceTree = "<group>"; };
		C83745811AF51D9B002EBB84 /* CBAutoScrollLabel.m */ = {isa = PBXFileReference; fileEncoding = 4; lastKnownFileType = sourcecode.c.objc; name = CBAutoScrollLabel.m; path = Libraries/CBAutoScrollLabel/CBAutoScrollLabel.m; sourceTree = "<group>"; };
		C83745961AF554FD002EBB84 /* SRRadioTableViewCell.h */ = {isa = PBXFileReference; fileEncoding = 4; lastKnownFileType = sourcecode.c.h; name = SRRadioTableViewCell.h; path = Source/Cells/SRRadioTableViewCell.h; sourceTree = "<group>"; };
		C83745971AF554FD002EBB84 /* SRRadioTableViewCell.m */ = {isa = PBXFileReference; fileEncoding = 4; lastKnownFileType = sourcecode.c.objc; name = SRRadioTableViewCell.m; path = Source/Cells/SRRadioTableViewCell.m; sourceTree = "<group>"; };
		C837459A1AF56613002EBB84 /* MCSwipeTableViewCell.h */ = {isa = PBXFileReference; fileEncoding = 4; lastKnownFileType = sourcecode.c.h; name = MCSwipeTableViewCell.h; path = Libraries/MCSwipeTableViewCell/MCSwipeTableViewCell.h; sourceTree = "<group>"; };
		C837459B1AF56613002EBB84 /* MCSwipeTableViewCell.m */ = {isa = PBXFileReference; fileEncoding = 4; lastKnownFileType = sourcecode.c.objc; name = MCSwipeTableViewCell.m; path = Libraries/MCSwipeTableViewCell/MCSwipeTableViewCell.m; sourceTree = "<group>"; };
		C837459D1AF61B0C002EBB84 /* UIImage+Color.h */ = {isa = PBXFileReference; fileEncoding = 4; lastKnownFileType = sourcecode.c.h; name = "UIImage+Color.h"; path = "Source/Categories/UIImage+Color.h"; sourceTree = "<group>"; };
		C837459E1AF61B0C002EBB84 /* UIImage+Color.m */ = {isa = PBXFileReference; fileEncoding = 4; lastKnownFileType = sourcecode.c.objc; name = "UIImage+Color.m"; path = "Source/Categories/UIImage+Color.m"; sourceTree = "<group>"; };
		C83745A11AF634C4002EBB84 /* Reachability.h */ = {isa = PBXFileReference; fileEncoding = 4; lastKnownFileType = sourcecode.c.h; name = Reachability.h; path = Libraries/Reachability/Reachability.h; sourceTree = "<group>"; };
		C83745A21AF634C4002EBB84 /* Reachability.m */ = {isa = PBXFileReference; fileEncoding = 4; lastKnownFileType = sourcecode.c.objc; name = Reachability.m; path = Libraries/Reachability/Reachability.m; sourceTree = "<group>"; };
		C83745A41AF6426D002EBB84 /* SRSleepTimer.h */ = {isa = PBXFileReference; fileEncoding = 4; lastKnownFileType = sourcecode.c.h; name = SRSleepTimer.h; path = Source/Player/SRSleepTimer.h; sourceTree = "<group>"; };
		C83745A51AF6426D002EBB84 /* SRSleepTimer.m */ = {isa = PBXFileReference; fileEncoding = 4; lastKnownFileType = sourcecode.c.objc; name = SRSleepTimer.m; path = Source/Player/SRSleepTimer.m; sourceTree = "<group>"; };
		C84DCC701AFD28570062C8F7 /* SRSliderTableViewCell.h */ = {isa = PBXFileReference; fileEncoding = 4; lastKnownFileType = sourcecode.c.h; name = SRSliderTableViewCell.h; path = Source/Cells/SRSliderTableViewCell.h; sourceTree = "<group>"; };
		C84DCC711AFD28570062C8F7 /* SRSliderTableViewCell.m */ = {isa = PBXFileReference; fileEncoding = 4; lastKnownFileType = sourcecode.c.objc; name = SRSliderTableViewCell.m; path = Source/Cells/SRSliderTableViewCell.m; sourceTree = "<group>"; };
		C84DCC7A1AFE06380062C8F7 /* MobileVLCKit.framework */ = {isa = PBXFileReference; lastKnownFileType = wrapper.framework; name = MobileVLCKit.framework; path = Libraries/MobileVLCKit.framework; sourceTree = "<group>"; };
		C88849F920416B1C008B0276 /* CoreTelephony.framework */ = {isa = PBXFileReference; lastKnownFileType = wrapper.framework; name = CoreTelephony.framework; path = System/Library/Frameworks/CoreTelephony.framework; sourceTree = SDKROOT; };
		C8A46F0D1AF961030031888D /* sl */ = {isa = PBXFileReference; lastKnownFileType = text.plist.strings; name = sl; path = sl.lproj/Localizable.strings; sourceTree = "<group>"; };
		C8A46F0F1AF961130031888D /* en */ = {isa = PBXFileReference; lastKnownFileType = text.plist.strings; name = en; path = en.lproj/Localizable.strings; sourceTree = "<group>"; };
		C8A46F101AF961150031888D /* Base */ = {isa = PBXFileReference; lastKnownFileType = text.plist.strings; name = Base; path = Base.lproj/Localizable.strings; sourceTree = "<group>"; };
		C8B1D39E1AEFF20E00A5E0A0 /* SRDataManager.h */ = {isa = PBXFileReference; fileEncoding = 4; lastKnownFileType = sourcecode.c.h; name = SRDataManager.h; path = Source/Data/SRDataManager.h; sourceTree = "<group>"; };
		C8B1D39F1AEFF20E00A5E0A0 /* SRDataManager.m */ = {isa = PBXFileReference; fileEncoding = 4; lastKnownFileType = sourcecode.c.objc; name = SRDataManager.m; path = Source/Data/SRDataManager.m; sourceTree = "<group>"; };
		C8B1D3A11AEFF3B400A5E0A0 /* SRRadioStation.h */ = {isa = PBXFileReference; fileEncoding = 4; lastKnownFileType = sourcecode.c.h; name = SRRadioStation.h; path = Source/Data/SRRadioStation.h; sourceTree = "<group>"; };
		C8B1D3A21AEFF3B400A5E0A0 /* SRRadioStation.m */ = {isa = PBXFileReference; fileEncoding = 4; lastKnownFileType = sourcecode.c.objc; name = SRRadioStation.m; path = Source/Data/SRRadioStation.m; sourceTree = "<group>"; };
		C8BA48771FF5A5E100EA457A /* SRTableViewCell.h */ = {isa = PBXFileReference; lastKnownFileType = sourcecode.c.h; name = SRTableViewCell.h; path = Source/Views/SRTableViewCell.h; sourceTree = "<group>"; };
		C8BA48781FF5A5E100EA457A /* SRTableViewCell.m */ = {isa = PBXFileReference; lastKnownFileType = sourcecode.c.objc; name = SRTableViewCell.m; path = Source/Views/SRTableViewCell.m; sourceTree = "<group>"; };
		C8C8FA321AEEADAD00E5E46C /* SloRadio.app */ = {isa = PBXFileReference; explicitFileType = wrapper.application; includeInIndex = 0; path = SloRadio.app; sourceTree = BUILT_PRODUCTS_DIR; };
		C8C8FA361AEEADAD00E5E46C /* Info.plist */ = {isa = PBXFileReference; lastKnownFileType = text.plist.xml; path = Info.plist; sourceTree = "<group>"; };
		C8C8FA371AEEADAD00E5E46C /* main.mm */ = {isa = PBXFileReference; lastKnownFileType = sourcecode.cpp.objcpp; name = main.mm; path = Source/Base/main.mm; sourceTree = "<group>"; };
		C8C8FA391AEEADAD00E5E46C /* SRAppDelegate.h */ = {isa = PBXFileReference; lastKnownFileType = sourcecode.c.h; name = SRAppDelegate.h; path = Source/Base/SRAppDelegate.h; sourceTree = "<group>"; };
		C8C8FA3A1AEEADAD00E5E46C /* SRAppDelegate.m */ = {isa = PBXFileReference; lastKnownFileType = sourcecode.c.objc; name = SRAppDelegate.m; path = Source/Base/SRAppDelegate.m; sourceTree = "<group>"; };
		C8C8FA3C1AEEADAD00E5E46C /* SRMainViewController.h */ = {isa = PBXFileReference; lastKnownFileType = sourcecode.c.h; name = SRMainViewController.h; path = Source/Controllers/SRMainViewController.h; sourceTree = "<group>"; };
		C8C8FA3D1AEEADAD00E5E46C /* SRMainViewController.m */ = {isa = PBXFileReference; lastKnownFileType = sourcecode.c.objc; name = SRMainViewController.m; path = Source/Controllers/SRMainViewController.m; sourceTree = "<group>"; };
		C8C8FA421AEEADAD00E5E46C /* Images.xcassets */ = {isa = PBXFileReference; lastKnownFileType = folder.assetcatalog; path = Images.xcassets; sourceTree = "<group>"; };
		C8C8FA451AEEADAD00E5E46C /* Base */ = {isa = PBXFileReference; lastKnownFileType = file.xib; name = Base; path = Base.lproj/LaunchScreen.xib; sourceTree = "<group>"; };
		C8C8FA4B1AEEADAD00E5E46C /* SloRadioTests.xctest */ = {isa = PBXFileReference; explicitFileType = wrapper.cfbundle; includeInIndex = 0; path = SloRadioTests.xctest; sourceTree = BUILT_PRODUCTS_DIR; };
		C8C8FA501AEEADAD00E5E46C /* Info.plist */ = {isa = PBXFileReference; lastKnownFileType = text.plist.xml; path = Info.plist; sourceTree = "<group>"; };
		C8C8FA511AEEADAD00E5E46C /* SloRadioTests.m */ = {isa = PBXFileReference; lastKnownFileType = sourcecode.c.objc; path = SloRadioTests.m; sourceTree = "<group>"; };
		C8C8FA5C1AEEAF5A00E5E46C /* SRRadioPlayer.h */ = {isa = PBXFileReference; fileEncoding = 4; lastKnownFileType = sourcecode.c.h; name = SRRadioPlayer.h; path = Source/Player/SRRadioPlayer.h; sourceTree = "<group>"; };
		C8C8FA5D1AEEAF5A00E5E46C /* SRRadioPlayer.m */ = {isa = PBXFileReference; fileEncoding = 4; lastKnownFileType = sourcecode.c.objc; name = SRRadioPlayer.m; path = Source/Player/SRRadioPlayer.m; sourceTree = "<group>"; };
		C8C8FA5F1AEEB65A00E5E46C /* CFNetwork.framework */ = {isa = PBXFileReference; lastKnownFileType = wrapper.framework; name = CFNetwork.framework; path = System/Library/Frameworks/CFNetwork.framework; sourceTree = SDKROOT; };
		C8C8FA611AEEB65F00E5E46C /* AVFoundation.framework */ = {isa = PBXFileReference; lastKnownFileType = wrapper.framework; name = AVFoundation.framework; path = System/Library/Frameworks/AVFoundation.framework; sourceTree = SDKROOT; };
		C8C8FA631AEEB66500E5E46C /* AudioToolbox.framework */ = {isa = PBXFileReference; lastKnownFileType = wrapper.framework; name = AudioToolbox.framework; path = System/Library/Frameworks/AudioToolbox.framework; sourceTree = SDKROOT; };
		C8C8FA651AEEB66D00E5E46C /* MediaPlayer.framework */ = {isa = PBXFileReference; lastKnownFileType = wrapper.framework; name = MediaPlayer.framework; path = System/Library/Frameworks/MediaPlayer.framework; sourceTree = SDKROOT; };
		C8C8FA6A1AEEB6E500E5E46C /* libstdc++.dylib */ = {isa = PBXFileReference; lastKnownFileType = "compiled.mach-o.dylib"; name = "libstdc++.dylib"; path = "usr/lib/libstdc++.dylib"; sourceTree = SDKROOT; };
		C8C8FA6C1AEEB6F200E5E46C /* libsqlite3.dylib */ = {isa = PBXFileReference; lastKnownFileType = "compiled.mach-o.dylib"; name = libsqlite3.dylib; path = usr/lib/libsqlite3.dylib; sourceTree = SDKROOT; };
		C8C8FA6E1AEEB70300E5E46C /* Foundation.framework */ = {isa = PBXFileReference; lastKnownFileType = wrapper.framework; name = Foundation.framework; path = System/Library/Frameworks/Foundation.framework; sourceTree = SDKROOT; };
		C8C8FA701AEEB70A00E5E46C /* UIKit.framework */ = {isa = PBXFileReference; lastKnownFileType = wrapper.framework; name = UIKit.framework; path = System/Library/Frameworks/UIKit.framework; sourceTree = SDKROOT; };
		C8C8FA721AEEB71F00E5E46C /* SystemConfiguration.framework */ = {isa = PBXFileReference; lastKnownFileType = wrapper.framework; name = SystemConfiguration.framework; path = System/Library/Frameworks/SystemConfiguration.framework; sourceTree = SDKROOT; };
		C8C8FA741AEEB88900E5E46C /* libbz2.dylib */ = {isa = PBXFileReference; lastKnownFileType = "compiled.mach-o.dylib"; name = libbz2.dylib; path = usr/lib/libbz2.dylib; sourceTree = SDKROOT; };
		C8C8FA761AEEB89900E5E46C /* libxml2.dylib */ = {isa = PBXFileReference; lastKnownFileType = "compiled.mach-o.dylib"; name = libxml2.dylib; path = usr/lib/libxml2.dylib; sourceTree = SDKROOT; };
		C8C8FA781AEEB8B000E5E46C /* Security.framework */ = {isa = PBXFileReference; lastKnownFileType = wrapper.framework; name = Security.framework; path = System/Library/Frameworks/Security.framework; sourceTree = SDKROOT; };
		C8C8FA7A1AEEBCB600E5E46C /* libiconv.dylib */ = {isa = PBXFileReference; lastKnownFileType = "compiled.mach-o.dylib"; name = libiconv.dylib; path = usr/lib/libiconv.dylib; sourceTree = SDKROOT; };
		C8FCC27C1AF69F9F00DE77EC /* SRSleepTimerView.h */ = {isa = PBXFileReference; fileEncoding = 4; lastKnownFileType = sourcecode.c.h; name = SRSleepTimerView.h; path = Source/Views/SRSleepTimerView.h; sourceTree = "<group>"; };
		C8FCC27D1AF69F9F00DE77EC /* SRSleepTimerView.m */ = {isa = PBXFileReference; fileEncoding = 4; lastKnownFileType = sourcecode.c.objc; name = SRSleepTimerView.m; path = Source/Views/SRSleepTimerView.m; sourceTree = "<group>"; };
		C8FCC2881AF7F09500DE77EC /* SRSettingsViewController.h */ = {isa = PBXFileReference; fileEncoding = 4; lastKnownFileType = sourcecode.c.h; name = SRSettingsViewController.h; path = Source/Controllers/SRSettingsViewController.h; sourceTree = "<group>"; };
		C8FCC2891AF7F09500DE77EC /* SRSettingsViewController.m */ = {isa = PBXFileReference; fileEncoding = 4; lastKnownFileType = sourcecode.c.objc; name = SRSettingsViewController.m; path = Source/Controllers/SRSettingsViewController.m; sourceTree = "<group>"; };
		C8FCC28C1AF7F68C00DE77EC /* SRSettingsPickerCell.h */ = {isa = PBXFileReference; fileEncoding = 4; lastKnownFileType = sourcecode.c.h; name = SRSettingsPickerCell.h; path = Source/Cells/SRSettingsPickerCell.h; sourceTree = "<group>"; };
		C8FCC28D1AF7F68C00DE77EC /* SRSettingsPickerCell.m */ = {isa = PBXFileReference; fileEncoding = 4; lastKnownFileType = sourcecode.c.objc; name = SRSettingsPickerCell.m; path = Source/Cells/SRSettingsPickerCell.m; sourceTree = "<group>"; };
		C8FCC2981AF91DDB00DE77EC /* SRAboutViewController.h */ = {isa = PBXFileReference; fileEncoding = 4; lastKnownFileType = sourcecode.c.h; name = SRAboutViewController.h; path = Source/Controllers/SRAboutViewController.h; sourceTree = "<group>"; };
		C8FCC2991AF91DDB00DE77EC /* SRAboutViewController.m */ = {isa = PBXFileReference; fileEncoding = 4; lastKnownFileType = sourcecode.c.objc; name = SRAboutViewController.m; path = Source/Controllers/SRAboutViewController.m; sourceTree = "<group>"; };
		C8FCC29D1AF9347400DE77EC /* SRAcknowledgementsViewController.h */ = {isa = PBXFileReference; fileEncoding = 4; lastKnownFileType = sourcecode.c.h; name = SRAcknowledgementsViewController.h; path = Source/Controllers/SRAcknowledgementsViewController.h; sourceTree = "<group>"; };
		C8FCC29E1AF9347400DE77EC /* SRAcknowledgementsViewController.m */ = {isa = PBXFileReference; fileEncoding = 4; lastKnownFileType = sourcecode.c.objc; name = SRAcknowledgementsViewController.m; path = Source/Controllers/SRAcknowledgementsViewController.m; sourceTree = "<group>"; };
		C8FCC2A01AF938B300DE77EC /* acknowledgements.txt */ = {isa = PBXFileReference; fileEncoding = 4; lastKnownFileType = text; name = acknowledgements.txt; path = Resources/acknowledgements.txt; sourceTree = "<group>"; };
		C8FE88FA24F2D31B00BBD72D /* CarPlay.framework */ = {isa = PBXFileReference; lastKnownFileType = wrapper.framework; name = CarPlay.framework; path = System/Library/Frameworks/CarPlay.framework; sourceTree = SDKROOT; };
		C8FE88FC24F2D38600BBD72D /* SloRadio.entitlements */ = {isa = PBXFileReference; lastKnownFileType = text.plist.entitlements; path = SloRadio.entitlements; sourceTree = "<group>"; };
		C8FE88FD24F2D38600BBD72D /* HomeKit.framework */ = {isa = PBXFileReference; lastKnownFileType = wrapper.framework; name = HomeKit.framework; path = System/Library/Frameworks/HomeKit.framework; sourceTree = SDKROOT; };
		C8FE890024F2EDF200BBD72D /* GoogleAppMeasurement.framework */ = {isa = PBXFileReference; lastKnownFileType = wrapper.framework; name = GoogleAppMeasurement.framework; path = Libraries/Firebase/GoogleAppMeasurement.framework; sourceTree = "<group>"; };
		C8FE890124F2EDF200BBD72D /* FIRAnalyticsConnector.framework */ = {isa = PBXFileReference; lastKnownFileType = wrapper.framework; name = FIRAnalyticsConnector.framework; path = Libraries/Firebase/FIRAnalyticsConnector.framework; sourceTree = "<group>"; };
		C8FE890224F2EDF200BBD72D /* FirebaseCrashlytics.xcframework */ = {isa = PBXFileReference; lastKnownFileType = wrapper.xcframework; name = FirebaseCrashlytics.xcframework; path = Libraries/Firebase/FirebaseCrashlytics.xcframework; sourceTree = "<group>"; };
		C8FE890324F2EDF200BBD72D /* FirebaseCoreDiagnostics.xcframework */ = {isa = PBXFileReference; lastKnownFileType = wrapper.xcframework; name = FirebaseCoreDiagnostics.xcframework; path = Libraries/Firebase/FirebaseCoreDiagnostics.xcframework; sourceTree = "<group>"; };
		C8FE890424F2EDF200BBD72D /* GoogleDataTransport.xcframework */ = {isa = PBXFileReference; lastKnownFileType = wrapper.xcframework; name = GoogleDataTransport.xcframework; path = Libraries/Firebase/GoogleDataTransport.xcframework; sourceTree = "<group>"; };
		C8FE890524F2EDF200BBD72D /* nanopb.xcframework */ = {isa = PBXFileReference; lastKnownFileType = wrapper.xcframework; name = nanopb.xcframework; path = Libraries/Firebase/nanopb.xcframework; sourceTree = "<group>"; };
		C8FE890624F2EDF200BBD72D /* FirebaseCore.xcframework */ = {isa = PBXFileReference; lastKnownFileType = wrapper.xcframework; name = FirebaseCore.xcframework; path = Libraries/Firebase/FirebaseCore.xcframework; sourceTree = "<group>"; };
		C8FE890724F2EDF200BBD72D /* FirebaseAnalytics.framework */ = {isa = PBXFileReference; lastKnownFileType = wrapper.framework; name = FirebaseAnalytics.framework; path = Libraries/Firebase/FirebaseAnalytics.framework; sourceTree = "<group>"; };
		C8FE890824F2EDF200BBD72D /* GoogleUtilities.xcframework */ = {isa = PBXFileReference; lastKnownFileType = wrapper.xcframework; name = GoogleUtilities.xcframework; path = Libraries/Firebase/GoogleUtilities.xcframework; sourceTree = "<group>"; };
		C8FE890924F2EDF200BBD72D /* PromisesObjC.xcframework */ = {isa = PBXFileReference; lastKnownFileType = wrapper.xcframework; name = PromisesObjC.xcframework; path = Libraries/Firebase/PromisesObjC.xcframework; sourceTree = "<group>"; };
		C8FE890A24F2EDF200BBD72D /* FirebaseInstallations.xcframework */ = {isa = PBXFileReference; lastKnownFileType = wrapper.xcframework; name = FirebaseInstallations.xcframework; path = Libraries/Firebase/FirebaseInstallations.xcframework; sourceTree = "<group>"; };
		C8FE891624F2EE4900BBD72D /* GoogleService-Info.plist */ = {isa = PBXFileReference; fileEncoding = 4; lastKnownFileType = text.plist.xml; path = "GoogleService-Info.plist"; sourceTree = "<group>"; };
		C8FE891924F2EEED00BBD72D /* Firebase.h */ = {isa = PBXFileReference; lastKnownFileType = sourcecode.c.h; name = Firebase.h; path = Libraries/Firebase/Firebase.h; sourceTree = "<group>"; };
/* End PBXFileReference section */

/* Begin PBXFrameworksBuildPhase section */
		C8C8FA2F1AEEADAD00E5E46C /* Frameworks */ = {
			isa = PBXFrameworksBuildPhase;
			buildActionMask = 2147483647;
			files = (
				C8FE891324F2EDF200BBD72D /* GoogleUtilities.xcframework in Frameworks */,
				C88849FA20416B1C008B0276 /* CoreTelephony.framework in Frameworks */,
				C8FE890B24F2EDF200BBD72D /* GoogleAppMeasurement.framework in Frameworks */,
				C824E3811FF5226D00EF1B03 /* VideoToolbox.framework in Frameworks */,
				C84DCC7B1AFE06380062C8F7 /* MobileVLCKit.framework in Frameworks */,
				C8C8FA7B1AEEBCB600E5E46C /* libiconv.dylib in Frameworks */,
				C8C8FA6D1AEEB6F200E5E46C /* libsqlite3.dylib in Frameworks */,
				C8C8FA751AEEB88900E5E46C /* libbz2.dylib in Frameworks */,
				C8C8FA771AEEB89900E5E46C /* libxml2.dylib in Frameworks */,
				C8FE891224F2EDF200BBD72D /* FirebaseAnalytics.framework in Frameworks */,
				C8C8FA641AEEB66500E5E46C /* AudioToolbox.framework in Frameworks */,
				C8C8FA621AEEB65F00E5E46C /* AVFoundation.framework in Frameworks */,
				C8FE890D24F2EDF200BBD72D /* FirebaseCrashlytics.xcframework in Frameworks */,
				C8FE891124F2EDF200BBD72D /* FirebaseCore.xcframework in Frameworks */,
				C8C8FA601AEEB65A00E5E46C /* CFNetwork.framework in Frameworks */,
				C8C8FA791AEEB8B000E5E46C /* Security.framework in Frameworks */,
				C8FE88FE24F2D38600BBD72D /* HomeKit.framework in Frameworks */,
				C8FE890C24F2EDF200BBD72D /* FIRAnalyticsConnector.framework in Frameworks */,
				C8FE891024F2EDF200BBD72D /* nanopb.xcframework in Frameworks */,
				C8C8FA731AEEB71F00E5E46C /* SystemConfiguration.framework in Frameworks */,
				C8FE890E24F2EDF200BBD72D /* FirebaseCoreDiagnostics.xcframework in Frameworks */,
				C8C8FA661AEEB66D00E5E46C /* MediaPlayer.framework in Frameworks */,
				C8FE890F24F2EDF200BBD72D /* GoogleDataTransport.xcframework in Frameworks */,
				C8FE891424F2EDF200BBD72D /* PromisesObjC.xcframework in Frameworks */,
				C8C8FA711AEEB70A00E5E46C /* UIKit.framework in Frameworks */,
				C8C8FA6F1AEEB70300E5E46C /* Foundation.framework in Frameworks */,
				C8FE891524F2EDF200BBD72D /* FirebaseInstallations.xcframework in Frameworks */,
			);
			runOnlyForDeploymentPostprocessing = 0;
		};
		C8C8FA481AEEADAD00E5E46C /* Frameworks */ = {
			isa = PBXFrameworksBuildPhase;
			buildActionMask = 2147483647;
			files = (
			);
			runOnlyForDeploymentPostprocessing = 0;
		};
/* End PBXFrameworksBuildPhase section */

/* Begin PBXGroup section */
		C81D32F51AEF816B0076BF01 /* Controllers */ = {
			isa = PBXGroup;
			children = (
				C81D33141AEF846A0076BF01 /* Radio */,
				C81D33131AEF845A0076BF01 /* Menu */,
				C8FCC2871AF7F05F00DE77EC /* Settings */,
				C8FCC2971AF91D9900DE77EC /* About */,
			);
			name = Controllers;
			sourceTree = "<group>";
		};
		C81D32F61AEF81810076BF01 /* Application */ = {
			isa = PBXGroup;
			children = (
				C81D33181AEF86D20076BF01 /* SRPrefixHeader.pch */,
				C8C8FA391AEEADAD00E5E46C /* SRAppDelegate.h */,
				C8C8FA3A1AEEADAD00E5E46C /* SRAppDelegate.m */,
			);
			name = Application;
			sourceTree = "<group>";
		};
		C81D32F71AEF81D50076BF01 /* Resources */ = {
			isa = PBXGroup;
			children = (
				C8C8FA421AEEADAD00E5E46C /* Images.xcassets */,
				C8C8FA441AEEADAD00E5E46C /* LaunchScreen.xib */,
				C8FCC2A01AF938B300DE77EC /* acknowledgements.txt */,
				C8A46F0C1AF961030031888D /* Localizable.strings */,
			);
			name = Resources;
			sourceTree = "<group>";
		};
		C81D32F81AEF83680076BF01 /* Libraries */ = {
			isa = PBXGroup;
			children = (
				C81D32F91AEF83810076BF01 /* AMSlideMenu */,
				C837457F1AF51D89002EBB84 /* CBAutoScrollLabel */,
				C8FE891824F2EEE100BBD72D /* Firebase */,
				C83745691AF27FFA002EBB84 /* MBProgressHud */,
				C83745991AF56606002EBB84 /* MCSwipeTableViewCell */,
				C83745A01AF634B1002EBB84 /* Reachability */,
			);
			name = Libraries;
			sourceTree = "<group>";
		};
		C81D32F91AEF83810076BF01 /* AMSlideMenu */ = {
			isa = PBXGroup;
			children = (
				C81D32FA1AEF83920076BF01 /* AMSlideMenuContentSegue.h */,
				C81D32FB1AEF83920076BF01 /* AMSlideMenuContentSegue.m */,
				C81D32FC1AEF83920076BF01 /* AMSlideMenuLeftMenuSegue.h */,
				C81D32FD1AEF83920076BF01 /* AMSlideMenuLeftMenuSegue.m */,
				C81D32FE1AEF83920076BF01 /* AMSlideMenuLeftTableViewController.h */,
				C81D32FF1AEF83920076BF01 /* AMSlideMenuLeftTableViewController.m */,
				C81D33001AEF83920076BF01 /* AMSlideMenuMainViewController.h */,
				C81D33011AEF83920076BF01 /* AMSlideMenuMainViewController.m */,
				C81D33021AEF83920076BF01 /* AMSlideMenuProtocols.h */,
				C81D33031AEF83920076BF01 /* AMSlideMenuRightMenuSegue.h */,
				C81D33041AEF83920076BF01 /* AMSlideMenuRightMenuSegue.m */,
				C81D33051AEF83920076BF01 /* AMSlideMenuRightTableViewController.h */,
				C81D33061AEF83920076BF01 /* AMSlideMenuRightTableViewController.m */,
				C81D33071AEF83920076BF01 /* UIViewController+AMSlideMenu.h */,
				C81D33081AEF83920076BF01 /* UIViewController+AMSlideMenu.m */,
			);
			name = AMSlideMenu;
			sourceTree = "<group>";
		};
		C81D33131AEF845A0076BF01 /* Menu */ = {
			isa = PBXGroup;
			children = (
				C8C8FA3C1AEEADAD00E5E46C /* SRMainViewController.h */,
				C8C8FA3D1AEEADAD00E5E46C /* SRMainViewController.m */,
				C81D33101AEF83CE0076BF01 /* SRLeftMenuViewController.h */,
				C81D33111AEF83CE0076BF01 /* SRLeftMenuViewController.m */,
			);
			name = Menu;
			sourceTree = "<group>";
		};
		C81D33141AEF846A0076BF01 /* Radio */ = {
			isa = PBXGroup;
			children = (
				C83745651AF26E2E002EBB84 /* Cells */,
				C81D33151AEF84900076BF01 /* SRRadioViewController.h */,
				C81D33161AEF84900076BF01 /* SRRadioViewController.m */,
				C83745621AF24FAF002EBB84 /* SRAddRadioViewController.h */,
				C83745631AF24FAF002EBB84 /* SRAddRadioViewController.m */,
			);
			name = Radio;
			sourceTree = "<group>";
		};
		C837454B1AF116D1002EBB84 /* Appearance */ = {
			isa = PBXGroup;
			children = (
				C837454C1AF11715002EBB84 /* SRAppearance.h */,
				C837454D1AF11715002EBB84 /* SRAppearance.m */,
			);
			name = Appearance;
			sourceTree = "<group>";
		};
		C83745651AF26E2E002EBB84 /* Cells */ = {
			isa = PBXGroup;
			children = (
				C83745661AF26E58002EBB84 /* SRTextInputCell.h */,
				C83745671AF26E58002EBB84 /* SRTextInputCell.m */,
				C83745961AF554FD002EBB84 /* SRRadioTableViewCell.h */,
				C83745971AF554FD002EBB84 /* SRRadioTableViewCell.m */,
			);
			name = Cells;
			sourceTree = "<group>";
		};
		C83745691AF27FFA002EBB84 /* MBProgressHud */ = {
			isa = PBXGroup;
			children = (
				C837456A1AF28016002EBB84 /* MBProgressHUD.h */,
				C837456B1AF28016002EBB84 /* MBProgressHUD.m */,
			);
			name = MBProgressHud;
			sourceTree = "<group>";
		};
		C837456D1AF292CE002EBB84 /* Categories */ = {
			isa = PBXGroup;
			children = (
				C83745751AF50BC5002EBB84 /* UITableView+Separators.h */,
				C83745761AF50BC5002EBB84 /* UITableView+Separators.m */,
				C837459D1AF61B0C002EBB84 /* UIImage+Color.h */,
				C837459E1AF61B0C002EBB84 /* UIImage+Color.m */,
			);
			name = Categories;
			sourceTree = "<group>";
		};
		C83745781AF50C4B002EBB84 /* Views */ = {
			isa = PBXGroup;
			children = (
				C83745791AF50C83002EBB84 /* SRSeparatorView.h */,
				C837457A1AF50C83002EBB84 /* SRSeparatorView.m */,
				C837457C1AF51C93002EBB84 /* SRNowPlayingView.h */,
				C837457D1AF51C93002EBB84 /* SRNowPlayingView.m */,
				C8FCC27C1AF69F9F00DE77EC /* SRSleepTimerView.h */,
				C8FCC27D1AF69F9F00DE77EC /* SRSleepTimerView.m */,
				C8BA48771FF5A5E100EA457A /* SRTableViewCell.h */,
				C8BA48781FF5A5E100EA457A /* SRTableViewCell.m */,
			);
			name = Views;
			sourceTree = "<group>";
		};
		C837457F1AF51D89002EBB84 /* CBAutoScrollLabel */ = {
			isa = PBXGroup;
			children = (
				C83745801AF51D9B002EBB84 /* CBAutoScrollLabel.h */,
				C83745811AF51D9B002EBB84 /* CBAutoScrollLabel.m */,
			);
			name = CBAutoScrollLabel;
			sourceTree = "<group>";
		};
		C83745991AF56606002EBB84 /* MCSwipeTableViewCell */ = {
			isa = PBXGroup;
			children = (
				C837459A1AF56613002EBB84 /* MCSwipeTableViewCell.h */,
				C837459B1AF56613002EBB84 /* MCSwipeTableViewCell.m */,
			);
			name = MCSwipeTableViewCell;
			sourceTree = "<group>";
		};
		C83745A01AF634B1002EBB84 /* Reachability */ = {
			isa = PBXGroup;
			children = (
				C83745A11AF634C4002EBB84 /* Reachability.h */,
				C83745A21AF634C4002EBB84 /* Reachability.m */,
			);
			name = Reachability;
			sourceTree = "<group>";
		};
		C8B1D39D1AEFF1F300A5E0A0 /* Data */ = {
			isa = PBXGroup;
			children = (
				C8B1D39E1AEFF20E00A5E0A0 /* SRDataManager.h */,
				C8B1D39F1AEFF20E00A5E0A0 /* SRDataManager.m */,
				C8B1D3A11AEFF3B400A5E0A0 /* SRRadioStation.h */,
				C8B1D3A21AEFF3B400A5E0A0 /* SRRadioStation.m */,
			);
			name = Data;
			sourceTree = "<group>";
		};
		C8C8FA291AEEADAD00E5E46C = {
			isa = PBXGroup;
			children = (
				C8C8FA341AEEADAD00E5E46C /* SloRadio */,
				C81D32F81AEF83680076BF01 /* Libraries */,
				C8C8FA4E1AEEADAD00E5E46C /* SloRadioTests */,
				C8C8FA691AEEB69700E5E46C /* Frameworks */,
				C8C8FA331AEEADAD00E5E46C /* Products */,
			);
			sourceTree = "<group>";
		};
		C8C8FA331AEEADAD00E5E46C /* Products */ = {
			isa = PBXGroup;
			children = (
				C8C8FA321AEEADAD00E5E46C /* SloRadio.app */,
				C8C8FA4B1AEEADAD00E5E46C /* SloRadioTests.xctest */,
			);
			name = Products;
			sourceTree = "<group>";
		};
		C8C8FA341AEEADAD00E5E46C /* SloRadio */ = {
			isa = PBXGroup;
			children = (
				C81D32F61AEF81810076BF01 /* Application */,
				C837454B1AF116D1002EBB84 /* Appearance */,
				C837456D1AF292CE002EBB84 /* Categories */,
				C81D32F51AEF816B0076BF01 /* Controllers */,
				C8C8FA5B1AEEAF0100E5E46C /* Player */,
				C8B1D39D1AEFF1F300A5E0A0 /* Data */,
				C83745781AF50C4B002EBB84 /* Views */,
				C81D32F71AEF81D50076BF01 /* Resources */,
				C8C8FA351AEEADAD00E5E46C /* Supporting Files */,
			);
			path = SloRadio;
			sourceTree = "<group>";
		};
		C8C8FA351AEEADAD00E5E46C /* Supporting Files */ = {
			isa = PBXGroup;
			children = (
				C8FE891624F2EE4900BBD72D /* GoogleService-Info.plist */,
				C8FE88FC24F2D38600BBD72D /* SloRadio.entitlements */,
				C8C8FA361AEEADAD00E5E46C /* Info.plist */,
				C8C8FA371AEEADAD00E5E46C /* main.mm */,
			);
			name = "Supporting Files";
			sourceTree = "<group>";
		};
		C8C8FA4E1AEEADAD00E5E46C /* SloRadioTests */ = {
			isa = PBXGroup;
			children = (
				C8C8FA511AEEADAD00E5E46C /* SloRadioTests.m */,
				C8C8FA4F1AEEADAD00E5E46C /* Supporting Files */,
			);
			path = SloRadioTests;
			sourceTree = "<group>";
		};
		C8C8FA4F1AEEADAD00E5E46C /* Supporting Files */ = {
			isa = PBXGroup;
			children = (
				C8C8FA501AEEADAD00E5E46C /* Info.plist */,
			);
			name = "Supporting Files";
			sourceTree = "<group>";
		};
		C8C8FA5B1AEEAF0100E5E46C /* Player */ = {
			isa = PBXGroup;
			children = (
				C8C8FA5C1AEEAF5A00E5E46C /* SRRadioPlayer.h */,
				C8C8FA5D1AEEAF5A00E5E46C /* SRRadioPlayer.m */,
				C83745A41AF6426D002EBB84 /* SRSleepTimer.h */,
				C83745A51AF6426D002EBB84 /* SRSleepTimer.m */,
			);
			name = Player;
			sourceTree = "<group>";
		};
		C8C8FA691AEEB69700E5E46C /* Frameworks */ = {
			isa = PBXGroup;
			children = (
				C8FE890124F2EDF200BBD72D /* FIRAnalyticsConnector.framework */,
				C8FE890724F2EDF200BBD72D /* FirebaseAnalytics.framework */,
				C8FE890624F2EDF200BBD72D /* FirebaseCore.xcframework */,
				C8FE890324F2EDF200BBD72D /* FirebaseCoreDiagnostics.xcframework */,
				C8FE890224F2EDF200BBD72D /* FirebaseCrashlytics.xcframework */,
				C8FE890A24F2EDF200BBD72D /* FirebaseInstallations.xcframework */,
				C8FE890024F2EDF200BBD72D /* GoogleAppMeasurement.framework */,
				C8FE890424F2EDF200BBD72D /* GoogleDataTransport.xcframework */,
				C8FE890824F2EDF200BBD72D /* GoogleUtilities.xcframework */,
				C8FE890524F2EDF200BBD72D /* nanopb.xcframework */,
				C8FE890924F2EDF200BBD72D /* PromisesObjC.xcframework */,
				C8FE88FD24F2D38600BBD72D /* HomeKit.framework */,
				C8FE88FA24F2D31B00BBD72D /* CarPlay.framework */,
				C88849F920416B1C008B0276 /* CoreTelephony.framework */,
				C824E3801FF5226D00EF1B03 /* VideoToolbox.framework */,
				C84DCC7A1AFE06380062C8F7 /* MobileVLCKit.framework */,
				C8C8FA7A1AEEBCB600E5E46C /* libiconv.dylib */,
				C8C8FA6C1AEEB6F200E5E46C /* libsqlite3.dylib */,
				C8C8FA6A1AEEB6E500E5E46C /* libstdc++.dylib */,
				C8C8FA761AEEB89900E5E46C /* libxml2.dylib */,
				C8C8FA741AEEB88900E5E46C /* libbz2.dylib */,
				C8C8FA781AEEB8B000E5E46C /* Security.framework */,
				C8C8FA721AEEB71F00E5E46C /* SystemConfiguration.framework */,
				C8C8FA701AEEB70A00E5E46C /* UIKit.framework */,
				C8C8FA6E1AEEB70300E5E46C /* Foundation.framework */,
				C8C8FA651AEEB66D00E5E46C /* MediaPlayer.framework */,
				C8C8FA631AEEB66500E5E46C /* AudioToolbox.framework */,
				C8C8FA611AEEB65F00E5E46C /* AVFoundation.framework */,
				C8C8FA5F1AEEB65A00E5E46C /* CFNetwork.framework */,
			);
			name = Frameworks;
			sourceTree = "<group>";
		};
		C8FCC2871AF7F05F00DE77EC /* Settings */ = {
			isa = PBXGroup;
			children = (
				C8FCC28B1AF7F65A00DE77EC /* Cells */,
				C8FCC2881AF7F09500DE77EC /* SRSettingsViewController.h */,
				C8FCC2891AF7F09500DE77EC /* SRSettingsViewController.m */,
			);
			name = Settings;
			sourceTree = "<group>";
		};
		C8FCC28B1AF7F65A00DE77EC /* Cells */ = {
			isa = PBXGroup;
			children = (
				C8FCC28C1AF7F68C00DE77EC /* SRSettingsPickerCell.h */,
				C8FCC28D1AF7F68C00DE77EC /* SRSettingsPickerCell.m */,
				C84DCC701AFD28570062C8F7 /* SRSliderTableViewCell.h */,
				C84DCC711AFD28570062C8F7 /* SRSliderTableViewCell.m */,
			);
			name = Cells;
			sourceTree = "<group>";
		};
		C8FCC2971AF91D9900DE77EC /* About */ = {
			isa = PBXGroup;
			children = (
				C8FCC2981AF91DDB00DE77EC /* SRAboutViewController.h */,
				C8FCC2991AF91DDB00DE77EC /* SRAboutViewController.m */,
				C8FCC29D1AF9347400DE77EC /* SRAcknowledgementsViewController.h */,
				C8FCC29E1AF9347400DE77EC /* SRAcknowledgementsViewController.m */,
			);
			name = About;
			sourceTree = "<group>";
		};
		C8FE891824F2EEE100BBD72D /* Firebase */ = {
			isa = PBXGroup;
			children = (
				C8FE891924F2EEED00BBD72D /* Firebase.h */,
			);
			name = Firebase;
			sourceTree = "<group>";
		};
/* End PBXGroup section */

/* Begin PBXNativeTarget section */
		C8C8FA311AEEADAD00E5E46C /* SloRadio */ = {
			isa = PBXNativeTarget;
			buildConfigurationList = C8C8FA551AEEADAD00E5E46C /* Build configuration list for PBXNativeTarget "SloRadio" */;
			buildPhases = (
				C8C8FA2E1AEEADAD00E5E46C /* Sources */,
				C8C8FA2F1AEEADAD00E5E46C /* Frameworks */,
				C8C8FA301AEEADAD00E5E46C /* Resources */,
				C84DCC731AFD4B960062C8F7 /* ShellScript */,
			);
			buildRules = (
			);
			dependencies = (
			);
			name = SloRadio;
			productName = SloRadio;
			productReference = C8C8FA321AEEADAD00E5E46C /* SloRadio.app */;
			productType = "com.apple.product-type.application";
		};
		C8C8FA4A1AEEADAD00E5E46C /* SloRadioTests */ = {
			isa = PBXNativeTarget;
			buildConfigurationList = C8C8FA581AEEADAD00E5E46C /* Build configuration list for PBXNativeTarget "SloRadioTests" */;
			buildPhases = (
				C8C8FA471AEEADAD00E5E46C /* Sources */,
				C8C8FA481AEEADAD00E5E46C /* Frameworks */,
				C8C8FA491AEEADAD00E5E46C /* Resources */,
			);
			buildRules = (
			);
			dependencies = (
				C8C8FA4D1AEEADAD00E5E46C /* PBXTargetDependency */,
			);
			name = SloRadioTests;
			productName = SloRadioTests;
			productReference = C8C8FA4B1AEEADAD00E5E46C /* SloRadioTests.xctest */;
			productType = "com.apple.product-type.bundle.unit-test";
		};
/* End PBXNativeTarget section */

/* Begin PBXProject section */
		C8C8FA2A1AEEADAD00E5E46C /* Project object */ = {
			isa = PBXProject;
			attributes = {
				LastUpgradeCheck = 0930;
				ORGANIZATIONNAME = "Jernej Fijačko";
				TargetAttributes = {
					C8C8FA311AEEADAD00E5E46C = {
						CreatedOnToolsVersion = 6.3.1;
					};
					C8C8FA4A1AEEADAD00E5E46C = {
						CreatedOnToolsVersion = 6.3.1;
						TestTargetID = C8C8FA311AEEADAD00E5E46C;
					};
				};
			};
			buildConfigurationList = C8C8FA2D1AEEADAD00E5E46C /* Build configuration list for PBXProject "SloRadio" */;
			compatibilityVersion = "Xcode 3.2";
			developmentRegion = en;
			hasScannedForEncodings = 0;
			knownRegions = (
				en,
				Base,
				sl,
			);
			mainGroup = C8C8FA291AEEADAD00E5E46C;
			productRefGroup = C8C8FA331AEEADAD00E5E46C /* Products */;
			projectDirPath = "";
			projectRoot = "";
			targets = (
				C8C8FA311AEEADAD00E5E46C /* SloRadio */,
				C8C8FA4A1AEEADAD00E5E46C /* SloRadioTests */,
			);
		};
/* End PBXProject section */

/* Begin PBXResourcesBuildPhase section */
		C8C8FA301AEEADAD00E5E46C /* Resources */ = {
			isa = PBXResourcesBuildPhase;
			buildActionMask = 2147483647;
			files = (
				C8C8FA461AEEADAD00E5E46C /* LaunchScreen.xib in Resources */,
				C8A46F0E1AF961030031888D /* Localizable.strings in Resources */,
				C8FE891724F2EE4900BBD72D /* GoogleService-Info.plist in Resources */,
				C8C8FA431AEEADAD00E5E46C /* Images.xcassets in Resources */,
				C8FCC2A11AF938B300DE77EC /* acknowledgements.txt in Resources */,
			);
			runOnlyForDeploymentPostprocessing = 0;
		};
		C8C8FA491AEEADAD00E5E46C /* Resources */ = {
			isa = PBXResourcesBuildPhase;
			buildActionMask = 2147483647;
			files = (
			);
			runOnlyForDeploymentPostprocessing = 0;
		};
/* End PBXResourcesBuildPhase section */

/* Begin PBXShellScriptBuildPhase section */
		C84DCC731AFD4B960062C8F7 /* ShellScript */ = {
			isa = PBXShellScriptBuildPhase;
			buildActionMask = 2147483647;
			files = (
			);
			inputPaths = (
			);
			outputPaths = (
			);
			runOnlyForDeploymentPostprocessing = 0;
			shellPath = /bin/sh;
			shellScript = "./Libraries/Firebase/run\n";
		};
/* End PBXShellScriptBuildPhase section */

/* Begin PBXSourcesBuildPhase section */
		C8C8FA2E1AEEADAD00E5E46C /* Sources */ = {
			isa = PBXSourcesBuildPhase;
			buildActionMask = 2147483647;
			files = (
				C83745821AF51D9B002EBB84 /* CBAutoScrollLabel.m in Sources */,
				C8BA48791FF5A5E100EA457A /* SRTableViewCell.m in Sources */,
				C837456C1AF28016002EBB84 /* MBProgressHUD.m in Sources */,
				C83745A61AF6426D002EBB84 /* SRSleepTimer.m in Sources */,
				C81D330F1AEF83920076BF01 /* UIViewController+AMSlideMenu.m in Sources */,
				C83745681AF26E58002EBB84 /* SRTextInputCell.m in Sources */,
				C81D33171AEF84900076BF01 /* SRRadioViewController.m in Sources */,
				C8FCC27E1AF69F9F00DE77EC /* SRSleepTimerView.m in Sources */,
				C83745A31AF634C4002EBB84 /* Reachability.m in Sources */,
				C837457B1AF50C83002EBB84 /* SRSeparatorView.m in Sources */,
				C83745771AF50BC5002EBB84 /* UITableView+Separators.m in Sources */,
				C83745641AF24FAF002EBB84 /* SRAddRadioViewController.m in Sources */,
				C8B1D3A01AEFF20E00A5E0A0 /* SRDataManager.m in Sources */,
				C837459F1AF61B0C002EBB84 /* UIImage+Color.m in Sources */,
				C81D330D1AEF83920076BF01 /* AMSlideMenuRightMenuSegue.m in Sources */,
				C837459C1AF56613002EBB84 /* MCSwipeTableViewCell.m in Sources */,
				C81D33091AEF83920076BF01 /* AMSlideMenuContentSegue.m in Sources */,
				C837457E1AF51C93002EBB84 /* SRNowPlayingView.m in Sources */,
				C8C8FA3E1AEEADAD00E5E46C /* SRMainViewController.m in Sources */,
				C81D330E1AEF83920076BF01 /* AMSlideMenuRightTableViewController.m in Sources */,
				C8FCC29F1AF9347400DE77EC /* SRAcknowledgementsViewController.m in Sources */,
				C837454E1AF11715002EBB84 /* SRAppearance.m in Sources */,
				C83745981AF554FD002EBB84 /* SRRadioTableViewCell.m in Sources */,
				C8FCC28A1AF7F09500DE77EC /* SRSettingsViewController.m in Sources */,
				C8FCC28E1AF7F68C00DE77EC /* SRSettingsPickerCell.m in Sources */,
				C81D33121AEF83CE0076BF01 /* SRLeftMenuViewController.m in Sources */,
				C81D330C1AEF83920076BF01 /* AMSlideMenuMainViewController.m in Sources */,
				C8C8FA3B1AEEADAD00E5E46C /* SRAppDelegate.m in Sources */,
				C8C8FA381AEEADAD00E5E46C /* main.mm in Sources */,
				C8B1D3A31AEFF3B400A5E0A0 /* SRRadioStation.m in Sources */,
				C81D330B1AEF83920076BF01 /* AMSlideMenuLeftTableViewController.m in Sources */,
				C8FCC29B1AF91DDB00DE77EC /* SRAboutViewController.m in Sources */,
				C81D330A1AEF83920076BF01 /* AMSlideMenuLeftMenuSegue.m in Sources */,
				C84DCC721AFD28570062C8F7 /* SRSliderTableViewCell.m in Sources */,
				C8C8FA5E1AEEAF5A00E5E46C /* SRRadioPlayer.m in Sources */,
			);
			runOnlyForDeploymentPostprocessing = 0;
		};
		C8C8FA471AEEADAD00E5E46C /* Sources */ = {
			isa = PBXSourcesBuildPhase;
			buildActionMask = 2147483647;
			files = (
				C8C8FA521AEEADAD00E5E46C /* SloRadioTests.m in Sources */,
			);
			runOnlyForDeploymentPostprocessing = 0;
		};
/* End PBXSourcesBuildPhase section */

/* Begin PBXTargetDependency section */
		C8C8FA4D1AEEADAD00E5E46C /* PBXTargetDependency */ = {
			isa = PBXTargetDependency;
			target = C8C8FA311AEEADAD00E5E46C /* SloRadio */;
			targetProxy = C8C8FA4C1AEEADAD00E5E46C /* PBXContainerItemProxy */;
		};
/* End PBXTargetDependency section */

/* Begin PBXVariantGroup section */
		C8A46F0C1AF961030031888D /* Localizable.strings */ = {
			isa = PBXVariantGroup;
			children = (
				C8A46F0D1AF961030031888D /* sl */,
				C8A46F0F1AF961130031888D /* en */,
				C8A46F101AF961150031888D /* Base */,
			);
			name = Localizable.strings;
			path = Localization;
			sourceTree = "<group>";
		};
		C8C8FA441AEEADAD00E5E46C /* LaunchScreen.xib */ = {
			isa = PBXVariantGroup;
			children = (
				C8C8FA451AEEADAD00E5E46C /* Base */,
			);
			name = LaunchScreen.xib;
			path = Localization;
			sourceTree = "<group>";
		};
/* End PBXVariantGroup section */

/* Begin XCBuildConfiguration section */
		C8C8FA531AEEADAD00E5E46C /* Debug */ = {
			isa = XCBuildConfiguration;
			buildSettings = {
				ALWAYS_SEARCH_USER_PATHS = NO;
				CLANG_ANALYZER_LOCALIZABILITY_NONLOCALIZED = YES;
				CLANG_CXX_LANGUAGE_STANDARD = "gnu++0x";
				CLANG_CXX_LIBRARY = "libc++";
				CLANG_ENABLE_MODULES = YES;
				CLANG_ENABLE_OBJC_ARC = YES;
				CLANG_WARN_BLOCK_CAPTURE_AUTORELEASING = YES;
				CLANG_WARN_BOOL_CONVERSION = YES;
				CLANG_WARN_COMMA = YES;
				CLANG_WARN_CONSTANT_CONVERSION = YES;
				CLANG_WARN_DEPRECATED_OBJC_IMPLEMENTATIONS = YES;
				CLANG_WARN_DIRECT_OBJC_ISA_USAGE = YES_ERROR;
				CLANG_WARN_EMPTY_BODY = YES;
				CLANG_WARN_ENUM_CONVERSION = YES;
				CLANG_WARN_INFINITE_RECURSION = YES;
				CLANG_WARN_INT_CONVERSION = YES;
				CLANG_WARN_NON_LITERAL_NULL_CONVERSION = YES;
				CLANG_WARN_OBJC_IMPLICIT_RETAIN_SELF = YES;
				CLANG_WARN_OBJC_LITERAL_CONVERSION = YES;
				CLANG_WARN_OBJC_ROOT_CLASS = YES_ERROR;
				CLANG_WARN_RANGE_LOOP_ANALYSIS = YES;
				CLANG_WARN_STRICT_PROTOTYPES = YES;
				CLANG_WARN_SUSPICIOUS_MOVE = YES;
				CLANG_WARN_UNREACHABLE_CODE = YES;
				CLANG_WARN__DUPLICATE_METHOD_MATCH = YES;
				"CODE_SIGN_IDENTITY[sdk=iphoneos*]" = "iPhone Developer";
				COPY_PHASE_STRIP = NO;
				DEBUG_INFORMATION_FORMAT = "dwarf-with-dsym";
				ENABLE_STRICT_OBJC_MSGSEND = YES;
				ENABLE_TESTABILITY = YES;
				GCC_C_LANGUAGE_STANDARD = gnu99;
				GCC_DYNAMIC_NO_PIC = NO;
				GCC_NO_COMMON_BLOCKS = YES;
				GCC_OPTIMIZATION_LEVEL = 0;
				GCC_PREPROCESSOR_DEFINITIONS = (
					"DEBUG=1",
					"$(inherited)",
				);
				GCC_SYMBOLS_PRIVATE_EXTERN = NO;
				GCC_WARN_64_TO_32_BIT_CONVERSION = YES;
				GCC_WARN_ABOUT_RETURN_TYPE = YES_ERROR;
				GCC_WARN_UNDECLARED_SELECTOR = YES;
				GCC_WARN_UNINITIALIZED_AUTOS = YES_AGGRESSIVE;
				GCC_WARN_UNUSED_FUNCTION = YES;
				GCC_WARN_UNUSED_VARIABLE = YES;
				IPHONEOS_DEPLOYMENT_TARGET = 8.3;
				MTL_ENABLE_DEBUG_INFO = YES;
				ONLY_ACTIVE_ARCH = YES;
				SDKROOT = iphoneos;
				TARGETED_DEVICE_FAMILY = "1,2";
			};
			name = Debug;
		};
		C8C8FA541AEEADAD00E5E46C /* Release */ = {
			isa = XCBuildConfiguration;
			buildSettings = {
				ALWAYS_SEARCH_USER_PATHS = NO;
				CLANG_ANALYZER_LOCALIZABILITY_NONLOCALIZED = YES;
				CLANG_CXX_LANGUAGE_STANDARD = "gnu++0x";
				CLANG_CXX_LIBRARY = "libc++";
				CLANG_ENABLE_MODULES = YES;
				CLANG_ENABLE_OBJC_ARC = YES;
				CLANG_WARN_BLOCK_CAPTURE_AUTORELEASING = YES;
				CLANG_WARN_BOOL_CONVERSION = YES;
				CLANG_WARN_COMMA = YES;
				CLANG_WARN_CONSTANT_CONVERSION = YES;
				CLANG_WARN_DEPRECATED_OBJC_IMPLEMENTATIONS = YES;
				CLANG_WARN_DIRECT_OBJC_ISA_USAGE = YES_ERROR;
				CLANG_WARN_EMPTY_BODY = YES;
				CLANG_WARN_ENUM_CONVERSION = YES;
				CLANG_WARN_INFINITE_RECURSION = YES;
				CLANG_WARN_INT_CONVERSION = YES;
				CLANG_WARN_NON_LITERAL_NULL_CONVERSION = YES;
				CLANG_WARN_OBJC_IMPLICIT_RETAIN_SELF = YES;
				CLANG_WARN_OBJC_LITERAL_CONVERSION = YES;
				CLANG_WARN_OBJC_ROOT_CLASS = YES_ERROR;
				CLANG_WARN_RANGE_LOOP_ANALYSIS = YES;
				CLANG_WARN_STRICT_PROTOTYPES = YES;
				CLANG_WARN_SUSPICIOUS_MOVE = YES;
				CLANG_WARN_UNREACHABLE_CODE = YES;
				CLANG_WARN__DUPLICATE_METHOD_MATCH = YES;
				"CODE_SIGN_IDENTITY[sdk=iphoneos*]" = "iPhone Developer";
				COPY_PHASE_STRIP = NO;
				DEBUG_INFORMATION_FORMAT = "dwarf-with-dsym";
				ENABLE_NS_ASSERTIONS = NO;
				ENABLE_STRICT_OBJC_MSGSEND = YES;
				GCC_C_LANGUAGE_STANDARD = gnu99;
				GCC_NO_COMMON_BLOCKS = YES;
				GCC_WARN_64_TO_32_BIT_CONVERSION = YES;
				GCC_WARN_ABOUT_RETURN_TYPE = YES_ERROR;
				GCC_WARN_UNDECLARED_SELECTOR = YES;
				GCC_WARN_UNINITIALIZED_AUTOS = YES_AGGRESSIVE;
				GCC_WARN_UNUSED_FUNCTION = YES;
				GCC_WARN_UNUSED_VARIABLE = YES;
				IPHONEOS_DEPLOYMENT_TARGET = 8.3;
				MTL_ENABLE_DEBUG_INFO = NO;
				SDKROOT = iphoneos;
				TARGETED_DEVICE_FAMILY = "1,2";
				VALIDATE_PRODUCT = YES;
			};
			name = Release;
		};
		C8C8FA561AEEADAD00E5E46C /* Debug */ = {
			isa = XCBuildConfiguration;
			buildSettings = {
				ASSETCATALOG_COMPILER_APPICON_NAME = AppIcon;
				CLANG_CXX_LIBRARY = "libc++";
				CODE_SIGN_ENTITLEMENTS = SloRadio/SloRadio.entitlements;
				CODE_SIGN_STYLE = Manual;
				CURRENT_PROJECT_VERSION = 29;
				DEVELOPMENT_TEAM = 4PZ2UBJ583;
				ENABLE_BITCODE = NO;
				FRAMEWORK_SEARCH_PATHS = (
					"$(inherited)",
					"$(PROJECT_DIR)",
					Libraries,
					"$(PROJECT_DIR)/Libraries",
					"$(PROJECT_DIR)/Libraries/Firebase",
				);
				GCC_C_LANGUAGE_STANDARD = c99;
				GCC_NO_COMMON_BLOCKS = NO;
				GCC_PRECOMPILE_PREFIX_HEADER = YES;
				GCC_PREFIX_HEADER = SloRadio/Source/Base/SRPrefixHeader.pch;
				GCC_WARN_UNINITIALIZED_AUTOS = YES;
				HEADER_SEARCH_PATHS = (
					"$(inherited)",
					/Applications/Xcode.app/Contents/Developer/Toolchains/XcodeDefault.xctoolchain/usr/include,
				);
				INFOPLIST_FILE = SloRadio/Info.plist;
				IPHONEOS_DEPLOYMENT_TARGET = 9.0;
				LD_RUNPATH_SEARCH_PATHS = (
					"$(inherited)",
					"@executable_path/Frameworks",
				);
				LIBRARY_SEARCH_PATHS = "";
				MARKETING_VERSION = 5.5;
				OTHER_LDFLAGS = "-Wl,-no_compact_unwind";
				PRODUCT_BUNDLE_IDENTIFIER = org.jernej.RadioWakeUp.sloradio;
				PRODUCT_NAME = "$(TARGET_NAME)";
				PROVISIONING_PROFILE_SPECIFIER = "SloRadio Development";
			};
			name = Debug;
		};
		C8C8FA571AEEADAD00E5E46C /* Release */ = {
			isa = XCBuildConfiguration;
			buildSettings = {
				ASSETCATALOG_COMPILER_APPICON_NAME = AppIcon;
				CLANG_CXX_LIBRARY = "libc++";
				CODE_SIGN_ENTITLEMENTS = SloRadio/SloRadio.entitlements;
				CODE_SIGN_STYLE = Manual;
				CURRENT_PROJECT_VERSION = 29;
				DEVELOPMENT_TEAM = 4PZ2UBJ583;
				ENABLE_BITCODE = NO;
				FRAMEWORK_SEARCH_PATHS = (
					"$(inherited)",
					"$(PROJECT_DIR)",
					Libraries,
					"$(PROJECT_DIR)/Libraries",
					"$(PROJECT_DIR)/Libraries/Firebase",
				);
				GCC_C_LANGUAGE_STANDARD = c99;
				GCC_NO_COMMON_BLOCKS = NO;
				GCC_PRECOMPILE_PREFIX_HEADER = YES;
				GCC_PREFIX_HEADER = SloRadio/Source/Base/SRPrefixHeader.pch;
				GCC_WARN_UNINITIALIZED_AUTOS = YES;
				HEADER_SEARCH_PATHS = (
					"$(inherited)",
					/Applications/Xcode.app/Contents/Developer/Toolchains/XcodeDefault.xctoolchain/usr/include,
				);
				INFOPLIST_FILE = SloRadio/Info.plist;
				IPHONEOS_DEPLOYMENT_TARGET = 9.0;
				LD_RUNPATH_SEARCH_PATHS = (
					"$(inherited)",
					"@executable_path/Frameworks",
				);
				LIBRARY_SEARCH_PATHS = "";
				MARKETING_VERSION = 5.5;
				OTHER_LDFLAGS = "-Wl,-no_compact_unwind";
				PRODUCT_BUNDLE_IDENTIFIER = org.jernej.RadioWakeUp.sloradio;
				PRODUCT_NAME = "$(TARGET_NAME)";
				PROVISIONING_PROFILE_SPECIFIER = "SloRadio Development";
			};
			name = Release;
		};
		C8C8FA591AEEADAD00E5E46C /* Debug */ = {
			isa = XCBuildConfiguration;
			buildSettings = {
				BUNDLE_LOADER = "$(TEST_HOST)";
				FRAMEWORK_SEARCH_PATHS = (
					"$(SDKROOT)/Developer/Library/Frameworks",
					"$(inherited)",
				);
				GCC_PREPROCESSOR_DEFINITIONS = (
					"DEBUG=1",
					"$(inherited)",
				);
				INFOPLIST_FILE = SloRadioTests/Info.plist;
				LD_RUNPATH_SEARCH_PATHS = (
					"$(inherited)",
					"@executable_path/Frameworks",
					"@loader_path/Frameworks",
				);
				PRODUCT_BUNDLE_IDENTIFIER = "org.jernej.$(PRODUCT_NAME:rfc1034identifier)";
				PRODUCT_NAME = "$(TARGET_NAME)";
				TEST_HOST = "$(BUILT_PRODUCTS_DIR)/SloRadio.app/SloRadio";
			};
			name = Debug;
		};
		C8C8FA5A1AEEADAD00E5E46C /* Release */ = {
			isa = XCBuildConfiguration;
			buildSettings = {
				BUNDLE_LOADER = "$(TEST_HOST)";
				FRAMEWORK_SEARCH_PATHS = (
					"$(SDKROOT)/Developer/Library/Frameworks",
					"$(inherited)",
				);
				INFOPLIST_FILE = SloRadioTests/Info.plist;
				LD_RUNPATH_SEARCH_PATHS = (
					"$(inherited)",
					"@executable_path/Frameworks",
					"@loader_path/Frameworks",
				);
				PRODUCT_BUNDLE_IDENTIFIER = "org.jernej.$(PRODUCT_NAME:rfc1034identifier)";
				PRODUCT_NAME = "$(TARGET_NAME)";
				TEST_HOST = "$(BUILT_PRODUCTS_DIR)/SloRadio.app/SloRadio";
			};
			name = Release;
		};
/* End XCBuildConfiguration section */

/* Begin XCConfigurationList section */
		C8C8FA2D1AEEADAD00E5E46C /* Build configuration list for PBXProject "SloRadio" */ = {
			isa = XCConfigurationList;
			buildConfigurations = (
				C8C8FA531AEEADAD00E5E46C /* Debug */,
				C8C8FA541AEEADAD00E5E46C /* Release */,
			);
			defaultConfigurationIsVisible = 0;
			defaultConfigurationName = Release;
		};
		C8C8FA551AEEADAD00E5E46C /* Build configuration list for PBXNativeTarget "SloRadio" */ = {
			isa = XCConfigurationList;
			buildConfigurations = (
				C8C8FA561AEEADAD00E5E46C /* Debug */,
				C8C8FA571AEEADAD00E5E46C /* Release */,
			);
			defaultConfigurationIsVisible = 0;
			defaultConfigurationName = Release;
		};
		C8C8FA581AEEADAD00E5E46C /* Build configuration list for PBXNativeTarget "SloRadioTests" */ = {
			isa = XCConfigurationList;
			buildConfigurations = (
				C8C8FA591AEEADAD00E5E46C /* Debug */,
				C8C8FA5A1AEEADAD00E5E46C /* Release */,
			);
			defaultConfigurationIsVisible = 0;
			defaultConfigurationName = Release;
		};
/* End XCConfigurationList section */
	};
	rootObject = C8C8FA2A1AEEADAD00E5E46C /* Project object */;
}
