// !$*UTF8*$!
{
	archiveVersion = 1;
	classes = {
	};
	objectVersion = 46;
	objects = {

/* Begin PBXBuildFile section */
		C81D33091AEF83920076BF01 /* AMSlideMenuContentSegue.m in Sources */ = {isa = PBXBuildFile; fileRef = C81D32FB1AEF83920076BF01 /* AMSlideMenuContentSegue.m */; };
		C81D330A1AEF83920076BF01 /* AMSlideMenuLeftMenuSegue.m in Sources */ = {isa = PBXBuildFile; fileRef = C81D32FD1AEF83920076BF01 /* AMSlideMenuLeftMenuSegue.m */; };
		C81D330B1AEF83920076BF01 /* AMSlideMenuLeftTableViewController.m in Sources */ = {isa = PBXBuildFile; fileRef = C81D32FF1AEF83920076BF01 /* AMSlideMenuLeftTableViewController.m */; };
		C81D330C1AEF83920076BF01 /* AMSlideMenuMainViewController.m in Sources */ = {isa = PBXBuildFile; fileRef = C81D33011AEF83920076BF01 /* AMSlideMenuMainViewController.m */; };
		C81D330D1AEF83920076BF01 /* AMSlideMenuRightMenuSegue.m in Sources */ = {isa = PBXBuildFile; fileRef = C81D33041AEF83920076BF01 /* AMSlideMenuRightMenuSegue.m */; };
		C81D330E1AEF83920076BF01 /* AMSlideMenuRightTableViewController.m in Sources */ = {isa = PBXBuildFile; fileRef = C81D33061AEF83920076BF01 /* AMSlideMenuRightTableViewController.m */; };
		C81D330F1AEF83920076BF01 /* UIViewController+AMSlideMenu.m in Sources */ = {isa = PBXBuildFile; fileRef = C81D33081AEF83920076BF01 /* UIViewController+AMSlideMenu.m */; };
		C81D33121AEF83CE0076BF01 /* SRLeftMenuViewController.m in Sources */ = {isa = PBXBuildFile; fileRef = C81D33111AEF83CE0076BF01 /* SRLeftMenuViewController.m */; };
		C81D33171AEF84900076BF01 /* SRRadioViewController.m in Sources */ = {isa = PBXBuildFile; fileRef = C81D33161AEF84900076BF01 /* SRRadioViewController.m */; };
		C837454E1AF11715002EBB84 /* SRAppearance.m in Sources */ = {isa = PBXBuildFile; fileRef = C837454D1AF11715002EBB84 /* SRAppearance.m */; };
		C83745511AF11BA9002EBB84 /* VLCDialogDisplayer+Suppress.m in Sources */ = {isa = PBXBuildFile; fileRef = C83745501AF11BA9002EBB84 /* VLCDialogDisplayer+Suppress.m */; };
		C8B1D3901AEFF17300A5E0A0 /* MBBaseRequest.m in Sources */ = {isa = PBXBuildFile; fileRef = C8B1D3721AEFF17300A5E0A0 /* MBBaseRequest.m */; };
		C8B1D3911AEFF17300A5E0A0 /* MBHTTPConnectionOperation.m in Sources */ = {isa = PBXBuildFile; fileRef = C8B1D3751AEFF17300A5E0A0 /* MBHTTPConnectionOperation.m */; };
		C8B1D3921AEFF17300A5E0A0 /* MBHTTPRequest.m in Sources */ = {isa = PBXBuildFile; fileRef = C8B1D3771AEFF17300A5E0A0 /* MBHTTPRequest.m */; };
		C8B1D3931AEFF17300A5E0A0 /* MBImageRequest.m in Sources */ = {isa = PBXBuildFile; fileRef = C8B1D3791AEFF17300A5E0A0 /* MBImageRequest.m */; };
		C8B1D3941AEFF17300A5E0A0 /* MBJSONRequest.m in Sources */ = {isa = PBXBuildFile; fileRef = C8B1D37B1AEFF17300A5E0A0 /* MBJSONRequest.m */; };
		C8B1D3951AEFF17300A5E0A0 /* MBMultipartFormData.m in Sources */ = {isa = PBXBuildFile; fileRef = C8B1D37D1AEFF17300A5E0A0 /* MBMultipartFormData.m */; };
		C8B1D3961AEFF17300A5E0A0 /* MBNetworkActivityIndicatorManager.m in Sources */ = {isa = PBXBuildFile; fileRef = C8B1D37F1AEFF17300A5E0A0 /* MBNetworkActivityIndicatorManager.m */; };
		C8B1D3971AEFF17300A5E0A0 /* MBRequestError.m in Sources */ = {isa = PBXBuildFile; fileRef = C8B1D3821AEFF17300A5E0A0 /* MBRequestError.m */; };
		C8B1D3981AEFF17300A5E0A0 /* MBURLConnectionOperation.m in Sources */ = {isa = PBXBuildFile; fileRef = C8B1D3861AEFF17300A5E0A0 /* MBURLConnectionOperation.m */; };
		C8B1D3991AEFF17300A5E0A0 /* MBXMLRequest.m in Sources */ = {isa = PBXBuildFile; fileRef = C8B1D3891AEFF17300A5E0A0 /* MBXMLRequest.m */; };
		C8B1D39A1AEFF17300A5E0A0 /* NSDictionary+MBRequest.m in Sources */ = {isa = PBXBuildFile; fileRef = C8B1D38B1AEFF17300A5E0A0 /* NSDictionary+MBRequest.m */; };
		C8B1D39B1AEFF17300A5E0A0 /* NSString+MBRequest.m in Sources */ = {isa = PBXBuildFile; fileRef = C8B1D38D1AEFF17300A5E0A0 /* NSString+MBRequest.m */; };
		C8B1D39C1AEFF17300A5E0A0 /* NSURL+MBRequest.m in Sources */ = {isa = PBXBuildFile; fileRef = C8B1D38F1AEFF17300A5E0A0 /* NSURL+MBRequest.m */; };
		C8B1D3A01AEFF20E00A5E0A0 /* SRDataManager.m in Sources */ = {isa = PBXBuildFile; fileRef = C8B1D39F1AEFF20E00A5E0A0 /* SRDataManager.m */; };
		C8B1D3A31AEFF3B400A5E0A0 /* SRRadioStation.m in Sources */ = {isa = PBXBuildFile; fileRef = C8B1D3A21AEFF3B400A5E0A0 /* SRRadioStation.m */; };
		C8C8FA381AEEADAD00E5E46C /* main.mm in Sources */ = {isa = PBXBuildFile; fileRef = C8C8FA371AEEADAD00E5E46C /* main.mm */; };
		C8C8FA3B1AEEADAD00E5E46C /* SRAppDelegate.m in Sources */ = {isa = PBXBuildFile; fileRef = C8C8FA3A1AEEADAD00E5E46C /* SRAppDelegate.m */; };
		C8C8FA3E1AEEADAD00E5E46C /* SRMainViewController.m in Sources */ = {isa = PBXBuildFile; fileRef = C8C8FA3D1AEEADAD00E5E46C /* SRMainViewController.m */; };
		C8C8FA431AEEADAD00E5E46C /* Images.xcassets in Resources */ = {isa = PBXBuildFile; fileRef = C8C8FA421AEEADAD00E5E46C /* Images.xcassets */; };
		C8C8FA461AEEADAD00E5E46C /* LaunchScreen.xib in Resources */ = {isa = PBXBuildFile; fileRef = C8C8FA441AEEADAD00E5E46C /* LaunchScreen.xib */; };
		C8C8FA521AEEADAD00E5E46C /* SloRadioTests.m in Sources */ = {isa = PBXBuildFile; fileRef = C8C8FA511AEEADAD00E5E46C /* SloRadioTests.m */; };
		C8C8FA5E1AEEAF5A00E5E46C /* SRRadioPlayer.m in Sources */ = {isa = PBXBuildFile; fileRef = C8C8FA5D1AEEAF5A00E5E46C /* SRRadioPlayer.m */; };
		C8C8FA601AEEB65A00E5E46C /* CFNetwork.framework in Frameworks */ = {isa = PBXBuildFile; fileRef = C8C8FA5F1AEEB65A00E5E46C /* CFNetwork.framework */; };
		C8C8FA621AEEB65F00E5E46C /* AVFoundation.framework in Frameworks */ = {isa = PBXBuildFile; fileRef = C8C8FA611AEEB65F00E5E46C /* AVFoundation.framework */; };
		C8C8FA641AEEB66500E5E46C /* AudioToolbox.framework in Frameworks */ = {isa = PBXBuildFile; fileRef = C8C8FA631AEEB66500E5E46C /* AudioToolbox.framework */; };
		C8C8FA661AEEB66D00E5E46C /* MediaPlayer.framework in Frameworks */ = {isa = PBXBuildFile; fileRef = C8C8FA651AEEB66D00E5E46C /* MediaPlayer.framework */; };
		C8C8FA681AEEB68700E5E46C /* libMobileVLCKit.a in Frameworks */ = {isa = PBXBuildFile; fileRef = C8C8FA671AEEB68700E5E46C /* libMobileVLCKit.a */; };
		C8C8FA6D1AEEB6F200E5E46C /* libsqlite3.dylib in Frameworks */ = {isa = PBXBuildFile; fileRef = C8C8FA6C1AEEB6F200E5E46C /* libsqlite3.dylib */; };
		C8C8FA6F1AEEB70300E5E46C /* Foundation.framework in Frameworks */ = {isa = PBXBuildFile; fileRef = C8C8FA6E1AEEB70300E5E46C /* Foundation.framework */; };
		C8C8FA711AEEB70A00E5E46C /* UIKit.framework in Frameworks */ = {isa = PBXBuildFile; fileRef = C8C8FA701AEEB70A00E5E46C /* UIKit.framework */; };
		C8C8FA731AEEB71F00E5E46C /* SystemConfiguration.framework in Frameworks */ = {isa = PBXBuildFile; fileRef = C8C8FA721AEEB71F00E5E46C /* SystemConfiguration.framework */; };
		C8C8FA751AEEB88900E5E46C /* libbz2.dylib in Frameworks */ = {isa = PBXBuildFile; fileRef = C8C8FA741AEEB88900E5E46C /* libbz2.dylib */; };
		C8C8FA771AEEB89900E5E46C /* libxml2.dylib in Frameworks */ = {isa = PBXBuildFile; fileRef = C8C8FA761AEEB89900E5E46C /* libxml2.dylib */; };
		C8C8FA791AEEB8B000E5E46C /* Security.framework in Frameworks */ = {isa = PBXBuildFile; fileRef = C8C8FA781AEEB8B000E5E46C /* Security.framework */; };
		C8C8FA7B1AEEBCB600E5E46C /* libiconv.dylib in Frameworks */ = {isa = PBXBuildFile; fileRef = C8C8FA7A1AEEBCB600E5E46C /* libiconv.dylib */; };
/* End PBXBuildFile section */

/* Begin PBXContainerItemProxy section */
		C8C8FA4C1AEEADAD00E5E46C /* PBXContainerItemProxy */ = {
			isa = PBXContainerItemProxy;
			containerPortal = C8C8FA2A1AEEADAD00E5E46C /* Project object */;
			proxyType = 1;
			remoteGlobalIDString = C8C8FA311AEEADAD00E5E46C;
			remoteInfo = SloRadio;
		};
/* End PBXContainerItemProxy section */

/* Begin PBXFileReference section */
		C81D32FA1AEF83920076BF01 /* AMSlideMenuContentSegue.h */ = {isa = PBXFileReference; fileEncoding = 4; lastKnownFileType = sourcecode.c.h; name = AMSlideMenuContentSegue.h; path = Libraries/AMSlideMenu/AMSlideMenuContentSegue.h; sourceTree = "<group>"; };
		C81D32FB1AEF83920076BF01 /* AMSlideMenuContentSegue.m */ = {isa = PBXFileReference; fileEncoding = 4; lastKnownFileType = sourcecode.c.objc; name = AMSlideMenuContentSegue.m; path = Libraries/AMSlideMenu/AMSlideMenuContentSegue.m; sourceTree = "<group>"; };
		C81D32FC1AEF83920076BF01 /* AMSlideMenuLeftMenuSegue.h */ = {isa = PBXFileReference; fileEncoding = 4; lastKnownFileType = sourcecode.c.h; name = AMSlideMenuLeftMenuSegue.h; path = Libraries/AMSlideMenu/AMSlideMenuLeftMenuSegue.h; sourceTree = "<group>"; };
		C81D32FD1AEF83920076BF01 /* AMSlideMenuLeftMenuSegue.m */ = {isa = PBXFileReference; fileEncoding = 4; lastKnownFileType = sourcecode.c.objc; name = AMSlideMenuLeftMenuSegue.m; path = Libraries/AMSlideMenu/AMSlideMenuLeftMenuSegue.m; sourceTree = "<group>"; };
		C81D32FE1AEF83920076BF01 /* AMSlideMenuLeftTableViewController.h */ = {isa = PBXFileReference; fileEncoding = 4; lastKnownFileType = sourcecode.c.h; name = AMSlideMenuLeftTableViewController.h; path = Libraries/AMSlideMenu/AMSlideMenuLeftTableViewController.h; sourceTree = "<group>"; };
		C81D32FF1AEF83920076BF01 /* AMSlideMenuLeftTableViewController.m */ = {isa = PBXFileReference; fileEncoding = 4; lastKnownFileType = sourcecode.c.objc; name = AMSlideMenuLeftTableViewController.m; path = Libraries/AMSlideMenu/AMSlideMenuLeftTableViewController.m; sourceTree = "<group>"; };
		C81D33001AEF83920076BF01 /* AMSlideMenuMainViewController.h */ = {isa = PBXFileReference; fileEncoding = 4; lastKnownFileType = sourcecode.c.h; name = AMSlideMenuMainViewController.h; path = Libraries/AMSlideMenu/AMSlideMenuMainViewController.h; sourceTree = "<group>"; };
		C81D33011AEF83920076BF01 /* AMSlideMenuMainViewController.m */ = {isa = PBXFileReference; fileEncoding = 4; lastKnownFileType = sourcecode.c.objc; name = AMSlideMenuMainViewController.m; path = Libraries/AMSlideMenu/AMSlideMenuMainViewController.m; sourceTree = "<group>"; };
		C81D33021AEF83920076BF01 /* AMSlideMenuProtocols.h */ = {isa = PBXFileReference; fileEncoding = 4; lastKnownFileType = sourcecode.c.h; name = AMSlideMenuProtocols.h; path = Libraries/AMSlideMenu/AMSlideMenuProtocols.h; sourceTree = "<group>"; };
		C81D33031AEF83920076BF01 /* AMSlideMenuRightMenuSegue.h */ = {isa = PBXFileReference; fileEncoding = 4; lastKnownFileType = sourcecode.c.h; name = AMSlideMenuRightMenuSegue.h; path = Libraries/AMSlideMenu/AMSlideMenuRightMenuSegue.h; sourceTree = "<group>"; };
		C81D33041AEF83920076BF01 /* AMSlideMenuRightMenuSegue.m */ = {isa = PBXFileReference; fileEncoding = 4; lastKnownFileType = sourcecode.c.objc; name = AMSlideMenuRightMenuSegue.m; path = Libraries/AMSlideMenu/AMSlideMenuRightMenuSegue.m; sourceTree = "<group>"; };
		C81D33051AEF83920076BF01 /* AMSlideMenuRightTableViewController.h */ = {isa = PBXFileReference; fileEncoding = 4; lastKnownFileType = sourcecode.c.h; name = AMSlideMenuRightTableViewController.h; path = Libraries/AMSlideMenu/AMSlideMenuRightTableViewController.h; sourceTree = "<group>"; };
		C81D33061AEF83920076BF01 /* AMSlideMenuRightTableViewController.m */ = {isa = PBXFileReference; fileEncoding = 4; lastKnownFileType = sourcecode.c.objc; name = AMSlideMenuRightTableViewController.m; path = Libraries/AMSlideMenu/AMSlideMenuRightTableViewController.m; sourceTree = "<group>"; };
		C81D33071AEF83920076BF01 /* UIViewController+AMSlideMenu.h */ = {isa = PBXFileReference; fileEncoding = 4; lastKnownFileType = sourcecode.c.h; name = "UIViewController+AMSlideMenu.h"; path = "Libraries/AMSlideMenu/UIViewController+AMSlideMenu.h"; sourceTree = "<group>"; };
		C81D33081AEF83920076BF01 /* UIViewController+AMSlideMenu.m */ = {isa = PBXFileReference; fileEncoding = 4; lastKnownFileType = sourcecode.c.objc; name = "UIViewController+AMSlideMenu.m"; path = "Libraries/AMSlideMenu/UIViewController+AMSlideMenu.m"; sourceTree = "<group>"; };
		C81D33101AEF83CE0076BF01 /* SRLeftMenuViewController.h */ = {isa = PBXFileReference; fileEncoding = 4; lastKnownFileType = sourcecode.c.h; name = SRLeftMenuViewController.h; path = Source/Controllers/SRLeftMenuViewController.h; sourceTree = "<group>"; };
		C81D33111AEF83CE0076BF01 /* SRLeftMenuViewController.m */ = {isa = PBXFileReference; fileEncoding = 4; lastKnownFileType = sourcecode.c.objc; name = SRLeftMenuViewController.m; path = Source/Controllers/SRLeftMenuViewController.m; sourceTree = "<group>"; };
		C81D33151AEF84900076BF01 /* SRRadioViewController.h */ = {isa = PBXFileReference; fileEncoding = 4; lastKnownFileType = sourcecode.c.h; name = SRRadioViewController.h; path = Source/Controllers/SRRadioViewController.h; sourceTree = "<group>"; };
		C81D33161AEF84900076BF01 /* SRRadioViewController.m */ = {isa = PBXFileReference; fileEncoding = 4; lastKnownFileType = sourcecode.c.objc; name = SRRadioViewController.m; path = Source/Controllers/SRRadioViewController.m; sourceTree = "<group>"; };
		C81D33181AEF86D20076BF01 /* SRPrefixHeader.pch */ = {isa = PBXFileReference; lastKnownFileType = sourcecode.c.h; name = SRPrefixHeader.pch; path = Source/Base/SRPrefixHeader.pch; sourceTree = "<group>"; };
		C837454C1AF11715002EBB84 /* SRAppearance.h */ = {isa = PBXFileReference; fileEncoding = 4; lastKnownFileType = sourcecode.c.h; name = SRAppearance.h; path = Source/Appearance/SRAppearance.h; sourceTree = "<group>"; };
		C837454D1AF11715002EBB84 /* SRAppearance.m */ = {isa = PBXFileReference; fileEncoding = 4; lastKnownFileType = sourcecode.c.objc; name = SRAppearance.m; path = Source/Appearance/SRAppearance.m; sourceTree = "<group>"; };
		C837454F1AF11BA9002EBB84 /* VLCDialogDisplayer+Suppress.h */ = {isa = PBXFileReference; fileEncoding = 4; lastKnownFileType = sourcecode.c.h; name = "VLCDialogDisplayer+Suppress.h"; path = "Source/Player/VLCDialogDisplayer+Suppress.h"; sourceTree = "<group>"; };
		C83745501AF11BA9002EBB84 /* VLCDialogDisplayer+Suppress.m */ = {isa = PBXFileReference; fileEncoding = 4; lastKnownFileType = sourcecode.c.objc; name = "VLCDialogDisplayer+Suppress.m"; path = "Source/Player/VLCDialogDisplayer+Suppress.m"; sourceTree = "<group>"; };
		C8B1D3711AEFF17300A5E0A0 /* MBBaseRequest.h */ = {isa = PBXFileReference; fileEncoding = 4; lastKnownFileType = sourcecode.c.h; name = MBBaseRequest.h; path = Libraries/MBRequest/MBBaseRequest.h; sourceTree = "<group>"; };
		C8B1D3721AEFF17300A5E0A0 /* MBBaseRequest.m */ = {isa = PBXFileReference; fileEncoding = 4; lastKnownFileType = sourcecode.c.objc; name = MBBaseRequest.m; path = Libraries/MBRequest/MBBaseRequest.m; sourceTree = "<group>"; };
		C8B1D3731AEFF17300A5E0A0 /* MBBaseRequestSubclass.h */ = {isa = PBXFileReference; fileEncoding = 4; lastKnownFileType = sourcecode.c.h; name = MBBaseRequestSubclass.h; path = Libraries/MBRequest/MBBaseRequestSubclass.h; sourceTree = "<group>"; };
		C8B1D3741AEFF17300A5E0A0 /* MBHTTPConnectionOperation.h */ = {isa = PBXFileReference; fileEncoding = 4; lastKnownFileType = sourcecode.c.h; name = MBHTTPConnectionOperation.h; path = Libraries/MBRequest/MBHTTPConnectionOperation.h; sourceTree = "<group>"; };
		C8B1D3751AEFF17300A5E0A0 /* MBHTTPConnectionOperation.m */ = {isa = PBXFileReference; fileEncoding = 4; lastKnownFileType = sourcecode.c.objc; name = MBHTTPConnectionOperation.m; path = Libraries/MBRequest/MBHTTPConnectionOperation.m; sourceTree = "<group>"; };
		C8B1D3761AEFF17300A5E0A0 /* MBHTTPRequest.h */ = {isa = PBXFileReference; fileEncoding = 4; lastKnownFileType = sourcecode.c.h; name = MBHTTPRequest.h; path = Libraries/MBRequest/MBHTTPRequest.h; sourceTree = "<group>"; };
		C8B1D3771AEFF17300A5E0A0 /* MBHTTPRequest.m */ = {isa = PBXFileReference; fileEncoding = 4; lastKnownFileType = sourcecode.c.objc; name = MBHTTPRequest.m; path = Libraries/MBRequest/MBHTTPRequest.m; sourceTree = "<group>"; };
		C8B1D3781AEFF17300A5E0A0 /* MBImageRequest.h */ = {isa = PBXFileReference; fileEncoding = 4; lastKnownFileType = sourcecode.c.h; name = MBImageRequest.h; path = Libraries/MBRequest/MBImageRequest.h; sourceTree = "<group>"; };
		C8B1D3791AEFF17300A5E0A0 /* MBImageRequest.m */ = {isa = PBXFileReference; fileEncoding = 4; lastKnownFileType = sourcecode.c.objc; name = MBImageRequest.m; path = Libraries/MBRequest/MBImageRequest.m; sourceTree = "<group>"; };
		C8B1D37A1AEFF17300A5E0A0 /* MBJSONRequest.h */ = {isa = PBXFileReference; fileEncoding = 4; lastKnownFileType = sourcecode.c.h; name = MBJSONRequest.h; path = Libraries/MBRequest/MBJSONRequest.h; sourceTree = "<group>"; };
		C8B1D37B1AEFF17300A5E0A0 /* MBJSONRequest.m */ = {isa = PBXFileReference; fileEncoding = 4; lastKnownFileType = sourcecode.c.objc; name = MBJSONRequest.m; path = Libraries/MBRequest/MBJSONRequest.m; sourceTree = "<group>"; };
		C8B1D37C1AEFF17300A5E0A0 /* MBMultipartFormData.h */ = {isa = PBXFileReference; fileEncoding = 4; lastKnownFileType = sourcecode.c.h; name = MBMultipartFormData.h; path = Libraries/MBRequest/MBMultipartFormData.h; sourceTree = "<group>"; };
		C8B1D37D1AEFF17300A5E0A0 /* MBMultipartFormData.m */ = {isa = PBXFileReference; fileEncoding = 4; lastKnownFileType = sourcecode.c.objc; name = MBMultipartFormData.m; path = Libraries/MBRequest/MBMultipartFormData.m; sourceTree = "<group>"; };
		C8B1D37E1AEFF17300A5E0A0 /* MBNetworkActivityIndicatorManager.h */ = {isa = PBXFileReference; fileEncoding = 4; lastKnownFileType = sourcecode.c.h; name = MBNetworkActivityIndicatorManager.h; path = Libraries/MBRequest/MBNetworkActivityIndicatorManager.h; sourceTree = "<group>"; };
		C8B1D37F1AEFF17300A5E0A0 /* MBNetworkActivityIndicatorManager.m */ = {isa = PBXFileReference; fileEncoding = 4; lastKnownFileType = sourcecode.c.objc; name = MBNetworkActivityIndicatorManager.m; path = Libraries/MBRequest/MBNetworkActivityIndicatorManager.m; sourceTree = "<group>"; };
		C8B1D3801AEFF17300A5E0A0 /* MBRequest.h */ = {isa = PBXFileReference; fileEncoding = 4; lastKnownFileType = sourcecode.c.h; name = MBRequest.h; path = Libraries/MBRequest/MBRequest.h; sourceTree = "<group>"; };
		C8B1D3811AEFF17300A5E0A0 /* MBRequestError.h */ = {isa = PBXFileReference; fileEncoding = 4; lastKnownFileType = sourcecode.c.h; name = MBRequestError.h; path = Libraries/MBRequest/MBRequestError.h; sourceTree = "<group>"; };
		C8B1D3821AEFF17300A5E0A0 /* MBRequestError.m */ = {isa = PBXFileReference; fileEncoding = 4; lastKnownFileType = sourcecode.c.objc; name = MBRequestError.m; path = Libraries/MBRequest/MBRequestError.m; sourceTree = "<group>"; };
		C8B1D3831AEFF17300A5E0A0 /* MBRequestLocalization.h */ = {isa = PBXFileReference; fileEncoding = 4; lastKnownFileType = sourcecode.c.h; name = MBRequestLocalization.h; path = Libraries/MBRequest/MBRequestLocalization.h; sourceTree = "<group>"; };
		C8B1D3841AEFF17300A5E0A0 /* MBRequestLog.h */ = {isa = PBXFileReference; fileEncoding = 4; lastKnownFileType = sourcecode.c.h; name = MBRequestLog.h; path = Libraries/MBRequest/MBRequestLog.h; sourceTree = "<group>"; };
		C8B1D3851AEFF17300A5E0A0 /* MBURLConnectionOperation.h */ = {isa = PBXFileReference; fileEncoding = 4; lastKnownFileType = sourcecode.c.h; name = MBURLConnectionOperation.h; path = Libraries/MBRequest/MBURLConnectionOperation.h; sourceTree = "<group>"; };
		C8B1D3861AEFF17300A5E0A0 /* MBURLConnectionOperation.m */ = {isa = PBXFileReference; fileEncoding = 4; lastKnownFileType = sourcecode.c.objc; name = MBURLConnectionOperation.m; path = Libraries/MBRequest/MBURLConnectionOperation.m; sourceTree = "<group>"; };
		C8B1D3871AEFF17300A5E0A0 /* MBURLConnectionOperationSubclass.h */ = {isa = PBXFileReference; fileEncoding = 4; lastKnownFileType = sourcecode.c.h; name = MBURLConnectionOperationSubclass.h; path = Libraries/MBRequest/MBURLConnectionOperationSubclass.h; sourceTree = "<group>"; };
		C8B1D3881AEFF17300A5E0A0 /* MBXMLRequest.h */ = {isa = PBXFileReference; fileEncoding = 4; lastKnownFileType = sourcecode.c.h; name = MBXMLRequest.h; path = Libraries/MBRequest/MBXMLRequest.h; sourceTree = "<group>"; };
		C8B1D3891AEFF17300A5E0A0 /* MBXMLRequest.m */ = {isa = PBXFileReference; fileEncoding = 4; lastKnownFileType = sourcecode.c.objc; name = MBXMLRequest.m; path = Libraries/MBRequest/MBXMLRequest.m; sourceTree = "<group>"; };
		C8B1D38A1AEFF17300A5E0A0 /* NSDictionary+MBRequest.h */ = {isa = PBXFileReference; fileEncoding = 4; lastKnownFileType = sourcecode.c.h; name = "NSDictionary+MBRequest.h"; path = "Libraries/MBRequest/NSDictionary+MBRequest.h"; sourceTree = "<group>"; };
		C8B1D38B1AEFF17300A5E0A0 /* NSDictionary+MBRequest.m */ = {isa = PBXFileReference; fileEncoding = 4; lastKnownFileType = sourcecode.c.objc; name = "NSDictionary+MBRequest.m"; path = "Libraries/MBRequest/NSDictionary+MBRequest.m"; sourceTree = "<group>"; };
		C8B1D38C1AEFF17300A5E0A0 /* NSString+MBRequest.h */ = {isa = PBXFileReference; fileEncoding = 4; lastKnownFileType = sourcecode.c.h; name = "NSString+MBRequest.h"; path = "Libraries/MBRequest/NSString+MBRequest.h"; sourceTree = "<group>"; };
		C8B1D38D1AEFF17300A5E0A0 /* NSString+MBRequest.m */ = {isa = PBXFileReference; fileEncoding = 4; lastKnownFileType = sourcecode.c.objc; name = "NSString+MBRequest.m"; path = "Libraries/MBRequest/NSString+MBRequest.m"; sourceTree = "<group>"; };
		C8B1D38E1AEFF17300A5E0A0 /* NSURL+MBRequest.h */ = {isa = PBXFileReference; fileEncoding = 4; lastKnownFileType = sourcecode.c.h; name = "NSURL+MBRequest.h"; path = "Libraries/MBRequest/NSURL+MBRequest.h"; sourceTree = "<group>"; };
		C8B1D38F1AEFF17300A5E0A0 /* NSURL+MBRequest.m */ = {isa = PBXFileReference; fileEncoding = 4; lastKnownFileType = sourcecode.c.objc; name = "NSURL+MBRequest.m"; path = "Libraries/MBRequest/NSURL+MBRequest.m"; sourceTree = "<group>"; };
		C8B1D39E1AEFF20E00A5E0A0 /* SRDataManager.h */ = {isa = PBXFileReference; fileEncoding = 4; lastKnownFileType = sourcecode.c.h; name = SRDataManager.h; path = Source/Data/SRDataManager.h; sourceTree = "<group>"; };
		C8B1D39F1AEFF20E00A5E0A0 /* SRDataManager.m */ = {isa = PBXFileReference; fileEncoding = 4; lastKnownFileType = sourcecode.c.objc; name = SRDataManager.m; path = Source/Data/SRDataManager.m; sourceTree = "<group>"; };
		C8B1D3A11AEFF3B400A5E0A0 /* SRRadioStation.h */ = {isa = PBXFileReference; fileEncoding = 4; lastKnownFileType = sourcecode.c.h; name = SRRadioStation.h; path = Source/Data/SRRadioStation.h; sourceTree = "<group>"; };
		C8B1D3A21AEFF3B400A5E0A0 /* SRRadioStation.m */ = {isa = PBXFileReference; fileEncoding = 4; lastKnownFileType = sourcecode.c.objc; name = SRRadioStation.m; path = Source/Data/SRRadioStation.m; sourceTree = "<group>"; };
		C8C8FA321AEEADAD00E5E46C /* SloRadio.app */ = {isa = PBXFileReference; explicitFileType = wrapper.application; includeInIndex = 0; path = SloRadio.app; sourceTree = BUILT_PRODUCTS_DIR; };
		C8C8FA361AEEADAD00E5E46C /* Info.plist */ = {isa = PBXFileReference; lastKnownFileType = text.plist.xml; path = Info.plist; sourceTree = "<group>"; };
		C8C8FA371AEEADAD00E5E46C /* main.mm */ = {isa = PBXFileReference; lastKnownFileType = sourcecode.cpp.objcpp; name = main.mm; path = Source/Base/main.mm; sourceTree = "<group>"; };
		C8C8FA391AEEADAD00E5E46C /* SRAppDelegate.h */ = {isa = PBXFileReference; lastKnownFileType = sourcecode.c.h; name = SRAppDelegate.h; path = Source/Base/SRAppDelegate.h; sourceTree = "<group>"; };
		C8C8FA3A1AEEADAD00E5E46C /* SRAppDelegate.m */ = {isa = PBXFileReference; lastKnownFileType = sourcecode.c.objc; name = SRAppDelegate.m; path = Source/Base/SRAppDelegate.m; sourceTree = "<group>"; };
		C8C8FA3C1AEEADAD00E5E46C /* SRMainViewController.h */ = {isa = PBXFileReference; lastKnownFileType = sourcecode.c.h; name = SRMainViewController.h; path = Source/Controllers/SRMainViewController.h; sourceTree = "<group>"; };
		C8C8FA3D1AEEADAD00E5E46C /* SRMainViewController.m */ = {isa = PBXFileReference; lastKnownFileType = sourcecode.c.objc; name = SRMainViewController.m; path = Source/Controllers/SRMainViewController.m; sourceTree = "<group>"; };
		C8C8FA421AEEADAD00E5E46C /* Images.xcassets */ = {isa = PBXFileReference; lastKnownFileType = folder.assetcatalog; path = Images.xcassets; sourceTree = "<group>"; };
		C8C8FA451AEEADAD00E5E46C /* Base */ = {isa = PBXFileReference; lastKnownFileType = file.xib; name = Base; path = Base.lproj/LaunchScreen.xib; sourceTree = "<group>"; };
		C8C8FA4B1AEEADAD00E5E46C /* SloRadioTests.xctest */ = {isa = PBXFileReference; explicitFileType = wrapper.cfbundle; includeInIndex = 0; path = SloRadioTests.xctest; sourceTree = BUILT_PRODUCTS_DIR; };
		C8C8FA501AEEADAD00E5E46C /* Info.plist */ = {isa = PBXFileReference; lastKnownFileType = text.plist.xml; path = Info.plist; sourceTree = "<group>"; };
		C8C8FA511AEEADAD00E5E46C /* SloRadioTests.m */ = {isa = PBXFileReference; lastKnownFileType = sourcecode.c.objc; path = SloRadioTests.m; sourceTree = "<group>"; };
		C8C8FA5C1AEEAF5A00E5E46C /* SRRadioPlayer.h */ = {isa = PBXFileReference; fileEncoding = 4; lastKnownFileType = sourcecode.c.h; name = SRRadioPlayer.h; path = Source/Player/SRRadioPlayer.h; sourceTree = "<group>"; };
		C8C8FA5D1AEEAF5A00E5E46C /* SRRadioPlayer.m */ = {isa = PBXFileReference; fileEncoding = 4; lastKnownFileType = sourcecode.c.objc; name = SRRadioPlayer.m; path = Source/Player/SRRadioPlayer.m; sourceTree = "<group>"; };
		C8C8FA5F1AEEB65A00E5E46C /* CFNetwork.framework */ = {isa = PBXFileReference; lastKnownFileType = wrapper.framework; name = CFNetwork.framework; path = System/Library/Frameworks/CFNetwork.framework; sourceTree = SDKROOT; };
		C8C8FA611AEEB65F00E5E46C /* AVFoundation.framework */ = {isa = PBXFileReference; lastKnownFileType = wrapper.framework; name = AVFoundation.framework; path = System/Library/Frameworks/AVFoundation.framework; sourceTree = SDKROOT; };
		C8C8FA631AEEB66500E5E46C /* AudioToolbox.framework */ = {isa = PBXFileReference; lastKnownFileType = wrapper.framework; name = AudioToolbox.framework; path = System/Library/Frameworks/AudioToolbox.framework; sourceTree = SDKROOT; };
		C8C8FA651AEEB66D00E5E46C /* MediaPlayer.framework */ = {isa = PBXFileReference; lastKnownFileType = wrapper.framework; name = MediaPlayer.framework; path = System/Library/Frameworks/MediaPlayer.framework; sourceTree = SDKROOT; };
		C8C8FA671AEEB68700E5E46C /* libMobileVLCKit.a */ = {isa = PBXFileReference; lastKnownFileType = archive.ar; name = libMobileVLCKit.a; path = Libraries/MobileVLCKit/libMobileVLCKit.a; sourceTree = "<group>"; };
		C8C8FA6A1AEEB6E500E5E46C /* libstdc++.dylib */ = {isa = PBXFileReference; lastKnownFileType = "compiled.mach-o.dylib"; name = "libstdc++.dylib"; path = "usr/lib/libstdc++.dylib"; sourceTree = SDKROOT; };
		C8C8FA6C1AEEB6F200E5E46C /* libsqlite3.dylib */ = {isa = PBXFileReference; lastKnownFileType = "compiled.mach-o.dylib"; name = libsqlite3.dylib; path = usr/lib/libsqlite3.dylib; sourceTree = SDKROOT; };
		C8C8FA6E1AEEB70300E5E46C /* Foundation.framework */ = {isa = PBXFileReference; lastKnownFileType = wrapper.framework; name = Foundation.framework; path = System/Library/Frameworks/Foundation.framework; sourceTree = SDKROOT; };
		C8C8FA701AEEB70A00E5E46C /* UIKit.framework */ = {isa = PBXFileReference; lastKnownFileType = wrapper.framework; name = UIKit.framework; path = System/Library/Frameworks/UIKit.framework; sourceTree = SDKROOT; };
		C8C8FA721AEEB71F00E5E46C /* SystemConfiguration.framework */ = {isa = PBXFileReference; lastKnownFileType = wrapper.framework; name = SystemConfiguration.framework; path = System/Library/Frameworks/SystemConfiguration.framework; sourceTree = SDKROOT; };
		C8C8FA741AEEB88900E5E46C /* libbz2.dylib */ = {isa = PBXFileReference; lastKnownFileType = "compiled.mach-o.dylib"; name = libbz2.dylib; path = usr/lib/libbz2.dylib; sourceTree = SDKROOT; };
		C8C8FA761AEEB89900E5E46C /* libxml2.dylib */ = {isa = PBXFileReference; lastKnownFileType = "compiled.mach-o.dylib"; name = libxml2.dylib; path = usr/lib/libxml2.dylib; sourceTree = SDKROOT; };
		C8C8FA781AEEB8B000E5E46C /* Security.framework */ = {isa = PBXFileReference; lastKnownFileType = wrapper.framework; name = Security.framework; path = System/Library/Frameworks/Security.framework; sourceTree = SDKROOT; };
		C8C8FA7A1AEEBCB600E5E46C /* libiconv.dylib */ = {isa = PBXFileReference; lastKnownFileType = "compiled.mach-o.dylib"; name = libiconv.dylib; path = usr/lib/libiconv.dylib; sourceTree = SDKROOT; };
/* End PBXFileReference section */

/* Begin PBXFrameworksBuildPhase section */
		C8C8FA2F1AEEADAD00E5E46C /* Frameworks */ = {
			isa = PBXFrameworksBuildPhase;
			buildActionMask = 2147483647;
			files = (
				C8C8FA7B1AEEBCB600E5E46C /* libiconv.dylib in Frameworks */,
				C8C8FA6D1AEEB6F200E5E46C /* libsqlite3.dylib in Frameworks */,
				C8C8FA751AEEB88900E5E46C /* libbz2.dylib in Frameworks */,
				C8C8FA771AEEB89900E5E46C /* libxml2.dylib in Frameworks */,
				C8C8FA641AEEB66500E5E46C /* AudioToolbox.framework in Frameworks */,
				C8C8FA621AEEB65F00E5E46C /* AVFoundation.framework in Frameworks */,
				C8C8FA601AEEB65A00E5E46C /* CFNetwork.framework in Frameworks */,
				C8C8FA791AEEB8B000E5E46C /* Security.framework in Frameworks */,
				C8C8FA731AEEB71F00E5E46C /* SystemConfiguration.framework in Frameworks */,
				C8C8FA661AEEB66D00E5E46C /* MediaPlayer.framework in Frameworks */,
				C8C8FA711AEEB70A00E5E46C /* UIKit.framework in Frameworks */,
				C8C8FA6F1AEEB70300E5E46C /* Foundation.framework in Frameworks */,
				C8C8FA681AEEB68700E5E46C /* libMobileVLCKit.a in Frameworks */,
			);
			runOnlyForDeploymentPostprocessing = 0;
		};
		C8C8FA481AEEADAD00E5E46C /* Frameworks */ = {
			isa = PBXFrameworksBuildPhase;
			buildActionMask = 2147483647;
			files = (
			);
			runOnlyForDeploymentPostprocessing = 0;
		};
/* End PBXFrameworksBuildPhase section */

/* Begin PBXGroup section */
		C81D32F51AEF816B0076BF01 /* Controllers */ = {
			isa = PBXGroup;
			children = (
				C81D33141AEF846A0076BF01 /* Radio */,
				C81D33131AEF845A0076BF01 /* Menu */,
			);
			name = Controllers;
			sourceTree = "<group>";
		};
		C81D32F61AEF81810076BF01 /* Application */ = {
			isa = PBXGroup;
			children = (
				C81D33181AEF86D20076BF01 /* SRPrefixHeader.pch */,
				C8C8FA391AEEADAD00E5E46C /* SRAppDelegate.h */,
				C8C8FA3A1AEEADAD00E5E46C /* SRAppDelegate.m */,
			);
			name = Application;
			sourceTree = "<group>";
		};
		C81D32F71AEF81D50076BF01 /* Resources */ = {
			isa = PBXGroup;
			children = (
				C8C8FA421AEEADAD00E5E46C /* Images.xcassets */,
				C8C8FA441AEEADAD00E5E46C /* LaunchScreen.xib */,
			);
			name = Resources;
			sourceTree = "<group>";
		};
		C81D32F81AEF83680076BF01 /* Libraries */ = {
			isa = PBXGroup;
			children = (
				C8B1D3701AEFF16700A5E0A0 /* MBRequest */,
				C81D32F91AEF83810076BF01 /* AMSlideMenu */,
			);
			name = Libraries;
			sourceTree = "<group>";
		};
		C81D32F91AEF83810076BF01 /* AMSlideMenu */ = {
			isa = PBXGroup;
			children = (
				C81D32FA1AEF83920076BF01 /* AMSlideMenuContentSegue.h */,
				C81D32FB1AEF83920076BF01 /* AMSlideMenuContentSegue.m */,
				C81D32FC1AEF83920076BF01 /* AMSlideMenuLeftMenuSegue.h */,
				C81D32FD1AEF83920076BF01 /* AMSlideMenuLeftMenuSegue.m */,
				C81D32FE1AEF83920076BF01 /* AMSlideMenuLeftTableViewController.h */,
				C81D32FF1AEF83920076BF01 /* AMSlideMenuLeftTableViewController.m */,
				C81D33001AEF83920076BF01 /* AMSlideMenuMainViewController.h */,
				C81D33011AEF83920076BF01 /* AMSlideMenuMainViewController.m */,
				C81D33021AEF83920076BF01 /* AMSlideMenuProtocols.h */,
				C81D33031AEF83920076BF01 /* AMSlideMenuRightMenuSegue.h */,
				C81D33041AEF83920076BF01 /* AMSlideMenuRightMenuSegue.m */,
				C81D33051AEF83920076BF01 /* AMSlideMenuRightTableViewController.h */,
				C81D33061AEF83920076BF01 /* AMSlideMenuRightTableViewController.m */,
				C81D33071AEF83920076BF01 /* UIViewController+AMSlideMenu.h */,
				C81D33081AEF83920076BF01 /* UIViewController+AMSlideMenu.m */,
			);
			name = AMSlideMenu;
			sourceTree = "<group>";
		};
		C81D33131AEF845A0076BF01 /* Menu */ = {
			isa = PBXGroup;
			children = (
				C8C8FA3C1AEEADAD00E5E46C /* SRMainViewController.h */,
				C8C8FA3D1AEEADAD00E5E46C /* SRMainViewController.m */,
				C81D33101AEF83CE0076BF01 /* SRLeftMenuViewController.h */,
				C81D33111AEF83CE0076BF01 /* SRLeftMenuViewController.m */,
			);
			name = Menu;
			sourceTree = "<group>";
		};
		C81D33141AEF846A0076BF01 /* Radio */ = {
			isa = PBXGroup;
			children = (
				C81D33151AEF84900076BF01 /* SRRadioViewController.h */,
				C81D33161AEF84900076BF01 /* SRRadioViewController.m */,
			);
			name = Radio;
			sourceTree = "<group>";
		};
		C837454B1AF116D1002EBB84 /* Appearance */ = {
			isa = PBXGroup;
			children = (
				C837454C1AF11715002EBB84 /* SRAppearance.h */,
				C837454D1AF11715002EBB84 /* SRAppearance.m */,
			);
			name = Appearance;
			sourceTree = "<group>";
		};
		C8B1D3701AEFF16700A5E0A0 /* MBRequest */ = {
			isa = PBXGroup;
			children = (
				C8B1D3711AEFF17300A5E0A0 /* MBBaseRequest.h */,
				C8B1D3721AEFF17300A5E0A0 /* MBBaseRequest.m */,
				C8B1D3731AEFF17300A5E0A0 /* MBBaseRequestSubclass.h */,
				C8B1D3741AEFF17300A5E0A0 /* MBHTTPConnectionOperation.h */,
				C8B1D3751AEFF17300A5E0A0 /* MBHTTPConnectionOperation.m */,
				C8B1D3761AEFF17300A5E0A0 /* MBHTTPRequest.h */,
				C8B1D3771AEFF17300A5E0A0 /* MBHTTPRequest.m */,
				C8B1D3781AEFF17300A5E0A0 /* MBImageRequest.h */,
				C8B1D3791AEFF17300A5E0A0 /* MBImageRequest.m */,
				C8B1D37A1AEFF17300A5E0A0 /* MBJSONRequest.h */,
				C8B1D37B1AEFF17300A5E0A0 /* MBJSONRequest.m */,
				C8B1D37C1AEFF17300A5E0A0 /* MBMultipartFormData.h */,
				C8B1D37D1AEFF17300A5E0A0 /* MBMultipartFormData.m */,
				C8B1D37E1AEFF17300A5E0A0 /* MBNetworkActivityIndicatorManager.h */,
				C8B1D37F1AEFF17300A5E0A0 /* MBNetworkActivityIndicatorManager.m */,
				C8B1D3801AEFF17300A5E0A0 /* MBRequest.h */,
				C8B1D3811AEFF17300A5E0A0 /* MBRequestError.h */,
				C8B1D3821AEFF17300A5E0A0 /* MBRequestError.m */,
				C8B1D3831AEFF17300A5E0A0 /* MBRequestLocalization.h */,
				C8B1D3841AEFF17300A5E0A0 /* MBRequestLog.h */,
				C8B1D3851AEFF17300A5E0A0 /* MBURLConnectionOperation.h */,
				C8B1D3861AEFF17300A5E0A0 /* MBURLConnectionOperation.m */,
				C8B1D3871AEFF17300A5E0A0 /* MBURLConnectionOperationSubclass.h */,
				C8B1D3881AEFF17300A5E0A0 /* MBXMLRequest.h */,
				C8B1D3891AEFF17300A5E0A0 /* MBXMLRequest.m */,
				C8B1D38A1AEFF17300A5E0A0 /* NSDictionary+MBRequest.h */,
				C8B1D38B1AEFF17300A5E0A0 /* NSDictionary+MBRequest.m */,
				C8B1D38C1AEFF17300A5E0A0 /* NSString+MBRequest.h */,
				C8B1D38D1AEFF17300A5E0A0 /* NSString+MBRequest.m */,
				C8B1D38E1AEFF17300A5E0A0 /* NSURL+MBRequest.h */,
				C8B1D38F1AEFF17300A5E0A0 /* NSURL+MBRequest.m */,
			);
			name = MBRequest;
			sourceTree = "<group>";
		};
		C8B1D39D1AEFF1F300A5E0A0 /* Data */ = {
			isa = PBXGroup;
			children = (
				C8B1D39E1AEFF20E00A5E0A0 /* SRDataManager.h */,
				C8B1D39F1AEFF20E00A5E0A0 /* SRDataManager.m */,
				C8B1D3A11AEFF3B400A5E0A0 /* SRRadioStation.h */,
				C8B1D3A21AEFF3B400A5E0A0 /* SRRadioStation.m */,
			);
			name = Data;
			sourceTree = "<group>";
		};
		C8C8FA291AEEADAD00E5E46C = {
			isa = PBXGroup;
			children = (
				C8C8FA341AEEADAD00E5E46C /* SloRadio */,
				C81D32F81AEF83680076BF01 /* Libraries */,
				C8C8FA4E1AEEADAD00E5E46C /* SloRadioTests */,
				C8C8FA691AEEB69700E5E46C /* Frameworks */,
				C8C8FA331AEEADAD00E5E46C /* Products */,
			);
			sourceTree = "<group>";
		};
		C8C8FA331AEEADAD00E5E46C /* Products */ = {
			isa = PBXGroup;
			children = (
				C8C8FA321AEEADAD00E5E46C /* SloRadio.app */,
				C8C8FA4B1AEEADAD00E5E46C /* SloRadioTests.xctest */,
			);
			name = Products;
			sourceTree = "<group>";
		};
		C8C8FA341AEEADAD00E5E46C /* SloRadio */ = {
			isa = PBXGroup;
			children = (
				C81D32F61AEF81810076BF01 /* Application */,
				C837454B1AF116D1002EBB84 /* Appearance */,
				C81D32F51AEF816B0076BF01 /* Controllers */,
				C8C8FA5B1AEEAF0100E5E46C /* Player */,
				C8B1D39D1AEFF1F300A5E0A0 /* Data */,
				C81D32F71AEF81D50076BF01 /* Resources */,
				C8C8FA351AEEADAD00E5E46C /* Supporting Files */,
			);
			path = SloRadio;
			sourceTree = "<group>";
		};
		C8C8FA351AEEADAD00E5E46C /* Supporting Files */ = {
			isa = PBXGroup;
			children = (
				C8C8FA361AEEADAD00E5E46C /* Info.plist */,
				C8C8FA371AEEADAD00E5E46C /* main.mm */,
			);
			name = "Supporting Files";
			sourceTree = "<group>";
		};
		C8C8FA4E1AEEADAD00E5E46C /* SloRadioTests */ = {
			isa = PBXGroup;
			children = (
				C8C8FA511AEEADAD00E5E46C /* SloRadioTests.m */,
				C8C8FA4F1AEEADAD00E5E46C /* Supporting Files */,
			);
			path = SloRadioTests;
			sourceTree = "<group>";
		};
		C8C8FA4F1AEEADAD00E5E46C /* Supporting Files */ = {
			isa = PBXGroup;
			children = (
				C8C8FA501AEEADAD00E5E46C /* Info.plist */,
			);
			name = "Supporting Files";
			sourceTree = "<group>";
		};
		C8C8FA5B1AEEAF0100E5E46C /* Player */ = {
			isa = PBXGroup;
			children = (
				C837454F1AF11BA9002EBB84 /* VLCDialogDisplayer+Suppress.h */,
				C83745501AF11BA9002EBB84 /* VLCDialogDisplayer+Suppress.m */,
				C8C8FA5C1AEEAF5A00E5E46C /* SRRadioPlayer.h */,
				C8C8FA5D1AEEAF5A00E5E46C /* SRRadioPlayer.m */,
			);
			name = Player;
			sourceTree = "<group>";
		};
		C8C8FA691AEEB69700E5E46C /* Frameworks */ = {
			isa = PBXGroup;
			children = (
				C8C8FA7A1AEEBCB600E5E46C /* libiconv.dylib */,
				C8C8FA671AEEB68700E5E46C /* libMobileVLCKit.a */,
				C8C8FA6C1AEEB6F200E5E46C /* libsqlite3.dylib */,
				C8C8FA6A1AEEB6E500E5E46C /* libstdc++.dylib */,
				C8C8FA761AEEB89900E5E46C /* libxml2.dylib */,
				C8C8FA741AEEB88900E5E46C /* libbz2.dylib */,
				C8C8FA781AEEB8B000E5E46C /* Security.framework */,
				C8C8FA721AEEB71F00E5E46C /* SystemConfiguration.framework */,
				C8C8FA701AEEB70A00E5E46C /* UIKit.framework */,
				C8C8FA6E1AEEB70300E5E46C /* Foundation.framework */,
				C8C8FA651AEEB66D00E5E46C /* MediaPlayer.framework */,
				C8C8FA631AEEB66500E5E46C /* AudioToolbox.framework */,
				C8C8FA611AEEB65F00E5E46C /* AVFoundation.framework */,
				C8C8FA5F1AEEB65A00E5E46C /* CFNetwork.framework */,
			);
			name = Frameworks;
			sourceTree = "<group>";
		};
/* End PBXGroup section */

/* Begin PBXNativeTarget section */
		C8C8FA311AEEADAD00E5E46C /* SloRadio */ = {
			isa = PBXNativeTarget;
			buildConfigurationList = C8C8FA551AEEADAD00E5E46C /* Build configuration list for PBXNativeTarget "SloRadio" */;
			buildPhases = (
				C8C8FA2E1AEEADAD00E5E46C /* Sources */,
				C8C8FA2F1AEEADAD00E5E46C /* Frameworks */,
				C8C8FA301AEEADAD00E5E46C /* Resources */,
			);
			buildRules = (
			);
			dependencies = (
			);
			name = SloRadio;
			productName = SloRadio;
			productReference = C8C8FA321AEEADAD00E5E46C /* SloRadio.app */;
			productType = "com.apple.product-type.application";
		};
		C8C8FA4A1AEEADAD00E5E46C /* SloRadioTests */ = {
			isa = PBXNativeTarget;
			buildConfigurationList = C8C8FA581AEEADAD00E5E46C /* Build configuration list for PBXNativeTarget "SloRadioTests" */;
			buildPhases = (
				C8C8FA471AEEADAD00E5E46C /* Sources */,
				C8C8FA481AEEADAD00E5E46C /* Frameworks */,
				C8C8FA491AEEADAD00E5E46C /* Resources */,
			);
			buildRules = (
			);
			dependencies = (
				C8C8FA4D1AEEADAD00E5E46C /* PBXTargetDependency */,
			);
			name = SloRadioTests;
			productName = SloRadioTests;
			productReference = C8C8FA4B1AEEADAD00E5E46C /* SloRadioTests.xctest */;
			productType = "com.apple.product-type.bundle.unit-test";
		};
/* End PBXNativeTarget section */

/* Begin PBXProject section */
		C8C8FA2A1AEEADAD00E5E46C /* Project object */ = {
			isa = PBXProject;
			attributes = {
				LastUpgradeCheck = 0630;
				ORGANIZATIONNAME = "Jernej Fijačko";
				TargetAttributes = {
					C8C8FA311AEEADAD00E5E46C = {
						CreatedOnToolsVersion = 6.3.1;
					};
					C8C8FA4A1AEEADAD00E5E46C = {
						CreatedOnToolsVersion = 6.3.1;
						TestTargetID = C8C8FA311AEEADAD00E5E46C;
					};
				};
			};
			buildConfigurationList = C8C8FA2D1AEEADAD00E5E46C /* Build configuration list for PBXProject "SloRadio" */;
			compatibilityVersion = "Xcode 3.2";
			developmentRegion = English;
			hasScannedForEncodings = 0;
			knownRegions = (
				en,
				Base,
			);
			mainGroup = C8C8FA291AEEADAD00E5E46C;
			productRefGroup = C8C8FA331AEEADAD00E5E46C /* Products */;
			projectDirPath = "";
			projectRoot = "";
			targets = (
				C8C8FA311AEEADAD00E5E46C /* SloRadio */,
				C8C8FA4A1AEEADAD00E5E46C /* SloRadioTests */,
			);
		};
/* End PBXProject section */

/* Begin PBXResourcesBuildPhase section */
		C8C8FA301AEEADAD00E5E46C /* Resources */ = {
			isa = PBXResourcesBuildPhase;
			buildActionMask = 2147483647;
			files = (
				C8C8FA461AEEADAD00E5E46C /* LaunchScreen.xib in Resources */,
				C8C8FA431AEEADAD00E5E46C /* Images.xcassets in Resources */,
			);
			runOnlyForDeploymentPostprocessing = 0;
		};
		C8C8FA491AEEADAD00E5E46C /* Resources */ = {
			isa = PBXResourcesBuildPhase;
			buildActionMask = 2147483647;
			files = (
			);
			runOnlyForDeploymentPostprocessing = 0;
		};
/* End PBXResourcesBuildPhase section */

/* Begin PBXSourcesBuildPhase section */
		C8C8FA2E1AEEADAD00E5E46C /* Sources */ = {
			isa = PBXSourcesBuildPhase;
			buildActionMask = 2147483647;
			files = (
				C8B1D3981AEFF17300A5E0A0 /* MBURLConnectionOperation.m in Sources */,
				C8B1D3911AEFF17300A5E0A0 /* MBHTTPConnectionOperation.m in Sources */,
				C8B1D3951AEFF17300A5E0A0 /* MBMultipartFormData.m in Sources */,
				C8B1D39C1AEFF17300A5E0A0 /* NSURL+MBRequest.m in Sources */,
				C81D330F1AEF83920076BF01 /* UIViewController+AMSlideMenu.m in Sources */,
				C8B1D3921AEFF17300A5E0A0 /* MBHTTPRequest.m in Sources */,
				C81D33171AEF84900076BF01 /* SRRadioViewController.m in Sources */,
				C8B1D39B1AEFF17300A5E0A0 /* NSString+MBRequest.m in Sources */,
				C8B1D3941AEFF17300A5E0A0 /* MBJSONRequest.m in Sources */,
				C8B1D3A01AEFF20E00A5E0A0 /* SRDataManager.m in Sources */,
				C81D330D1AEF83920076BF01 /* AMSlideMenuRightMenuSegue.m in Sources */,
				C81D33091AEF83920076BF01 /* AMSlideMenuContentSegue.m in Sources */,
				C8B1D3961AEFF17300A5E0A0 /* MBNetworkActivityIndicatorManager.m in Sources */,
				C8C8FA3E1AEEADAD00E5E46C /* SRMainViewController.m in Sources */,
				C81D330E1AEF83920076BF01 /* AMSlideMenuRightTableViewController.m in Sources */,
				C837454E1AF11715002EBB84 /* SRAppearance.m in Sources */,
				C8B1D3931AEFF17300A5E0A0 /* MBImageRequest.m in Sources */,
				C8B1D39A1AEFF17300A5E0A0 /* NSDictionary+MBRequest.m in Sources */,
				C81D33121AEF83CE0076BF01 /* SRLeftMenuViewController.m in Sources */,
				C81D330C1AEF83920076BF01 /* AMSlideMenuMainViewController.m in Sources */,
				C8C8FA3B1AEEADAD00E5E46C /* SRAppDelegate.m in Sources */,
				C8C8FA381AEEADAD00E5E46C /* main.mm in Sources */,
				C83745511AF11BA9002EBB84 /* VLCDialogDisplayer+Suppress.m in Sources */,
				C8B1D3A31AEFF3B400A5E0A0 /* SRRadioStation.m in Sources */,
				C81D330B1AEF83920076BF01 /* AMSlideMenuLeftTableViewController.m in Sources */,
				C8B1D3971AEFF17300A5E0A0 /* MBRequestError.m in Sources */,
				C8B1D3901AEFF17300A5E0A0 /* MBBaseRequest.m in Sources */,
				C81D330A1AEF83920076BF01 /* AMSlideMenuLeftMenuSegue.m in Sources */,
				C8C8FA5E1AEEAF5A00E5E46C /* SRRadioPlayer.m in Sources */,
				C8B1D3991AEFF17300A5E0A0 /* MBXMLRequest.m in Sources */,
			);
			runOnlyForDeploymentPostprocessing = 0;
		};
		C8C8FA471AEEADAD00E5E46C /* Sources */ = {
			isa = PBXSourcesBuildPhase;
			buildActionMask = 2147483647;
			files = (
				C8C8FA521AEEADAD00E5E46C /* SloRadioTests.m in Sources */,
			);
			runOnlyForDeploymentPostprocessing = 0;
		};
/* End PBXSourcesBuildPhase section */

/* Begin PBXTargetDependency section */
		C8C8FA4D1AEEADAD00E5E46C /* PBXTargetDependency */ = {
			isa = PBXTargetDependency;
			target = C8C8FA311AEEADAD00E5E46C /* SloRadio */;
			targetProxy = C8C8FA4C1AEEADAD00E5E46C /* PBXContainerItemProxy */;
		};
/* End PBXTargetDependency section */

/* Begin PBXVariantGroup section */
		C8C8FA441AEEADAD00E5E46C /* LaunchScreen.xib */ = {
			isa = PBXVariantGroup;
			children = (
				C8C8FA451AEEADAD00E5E46C /* Base */,
			);
			name = LaunchScreen.xib;
			sourceTree = "<group>";
		};
/* End PBXVariantGroup section */

/* Begin XCBuildConfiguration section */
		C8C8FA531AEEADAD00E5E46C /* Debug */ = {
			isa = XCBuildConfiguration;
			buildSettings = {
				ALWAYS_SEARCH_USER_PATHS = NO;
				CLANG_CXX_LANGUAGE_STANDARD = "gnu++0x";
				CLANG_CXX_LIBRARY = "libc++";
				CLANG_ENABLE_MODULES = YES;
				CLANG_ENABLE_OBJC_ARC = YES;
				CLANG_WARN_BOOL_CONVERSION = YES;
				CLANG_WARN_CONSTANT_CONVERSION = YES;
				CLANG_WARN_DIRECT_OBJC_ISA_USAGE = YES_ERROR;
				CLANG_WARN_EMPTY_BODY = YES;
				CLANG_WARN_ENUM_CONVERSION = YES;
				CLANG_WARN_INT_CONVERSION = YES;
				CLANG_WARN_OBJC_ROOT_CLASS = YES_ERROR;
				CLANG_WARN_UNREACHABLE_CODE = YES;
				CLANG_WARN__DUPLICATE_METHOD_MATCH = YES;
				"CODE_SIGN_IDENTITY[sdk=iphoneos*]" = "iPhone Developer";
				COPY_PHASE_STRIP = NO;
				DEBUG_INFORMATION_FORMAT = "dwarf-with-dsym";
				ENABLE_STRICT_OBJC_MSGSEND = YES;
				GCC_C_LANGUAGE_STANDARD = gnu99;
				GCC_DYNAMIC_NO_PIC = NO;
				GCC_NO_COMMON_BLOCKS = YES;
				GCC_OPTIMIZATION_LEVEL = 0;
				GCC_PREPROCESSOR_DEFINITIONS = (
					"DEBUG=1",
					"$(inherited)",
				);
				GCC_SYMBOLS_PRIVATE_EXTERN = NO;
				GCC_WARN_64_TO_32_BIT_CONVERSION = YES;
				GCC_WARN_ABOUT_RETURN_TYPE = YES_ERROR;
				GCC_WARN_UNDECLARED_SELECTOR = YES;
				GCC_WARN_UNINITIALIZED_AUTOS = YES_AGGRESSIVE;
				GCC_WARN_UNUSED_FUNCTION = YES;
				GCC_WARN_UNUSED_VARIABLE = YES;
				IPHONEOS_DEPLOYMENT_TARGET = 8.3;
				MTL_ENABLE_DEBUG_INFO = YES;
				ONLY_ACTIVE_ARCH = YES;
				SDKROOT = iphoneos;
				TARGETED_DEVICE_FAMILY = "1,2";
			};
			name = Debug;
		};
		C8C8FA541AEEADAD00E5E46C /* Release */ = {
			isa = XCBuildConfiguration;
			buildSettings = {
				ALWAYS_SEARCH_USER_PATHS = NO;
				CLANG_CXX_LANGUAGE_STANDARD = "gnu++0x";
				CLANG_CXX_LIBRARY = "libc++";
				CLANG_ENABLE_MODULES = YES;
				CLANG_ENABLE_OBJC_ARC = YES;
				CLANG_WARN_BOOL_CONVERSION = YES;
				CLANG_WARN_CONSTANT_CONVERSION = YES;
				CLANG_WARN_DIRECT_OBJC_ISA_USAGE = YES_ERROR;
				CLANG_WARN_EMPTY_BODY = YES;
				CLANG_WARN_ENUM_CONVERSION = YES;
				CLANG_WARN_INT_CONVERSION = YES;
				CLANG_WARN_OBJC_ROOT_CLASS = YES_ERROR;
				CLANG_WARN_UNREACHABLE_CODE = YES;
				CLANG_WARN__DUPLICATE_METHOD_MATCH = YES;
				"CODE_SIGN_IDENTITY[sdk=iphoneos*]" = "iPhone Developer";
				COPY_PHASE_STRIP = NO;
				DEBUG_INFORMATION_FORMAT = "dwarf-with-dsym";
				ENABLE_NS_ASSERTIONS = NO;
				ENABLE_STRICT_OBJC_MSGSEND = YES;
				GCC_C_LANGUAGE_STANDARD = gnu99;
				GCC_NO_COMMON_BLOCKS = YES;
				GCC_WARN_64_TO_32_BIT_CONVERSION = YES;
				GCC_WARN_ABOUT_RETURN_TYPE = YES_ERROR;
				GCC_WARN_UNDECLARED_SELECTOR = YES;
				GCC_WARN_UNINITIALIZED_AUTOS = YES_AGGRESSIVE;
				GCC_WARN_UNUSED_FUNCTION = YES;
				GCC_WARN_UNUSED_VARIABLE = YES;
				IPHONEOS_DEPLOYMENT_TARGET = 8.3;
				MTL_ENABLE_DEBUG_INFO = NO;
				SDKROOT = iphoneos;
				TARGETED_DEVICE_FAMILY = "1,2";
				VALIDATE_PRODUCT = YES;
			};
			name = Release;
		};
		C8C8FA561AEEADAD00E5E46C /* Debug */ = {
			isa = XCBuildConfiguration;
			buildSettings = {
				ASSETCATALOG_COMPILER_APPICON_NAME = AppIcon;
				CLANG_CXX_LIBRARY = "libstdc++";
				GCC_C_LANGUAGE_STANDARD = c99;
				GCC_NO_COMMON_BLOCKS = NO;
				GCC_PRECOMPILE_PREFIX_HEADER = YES;
				GCC_PREFIX_HEADER = SloRadio/Source/Base/SRPrefixHeader.pch;
				GCC_WARN_UNINITIALIZED_AUTOS = YES;
				HEADER_SEARCH_PATHS = (
					"$(inherited)",
					/Applications/Xcode.app/Contents/Developer/Toolchains/XcodeDefault.xctoolchain/usr/include,
					Libraries/MobileVLCKit/include,
				);
				INFOPLIST_FILE = SloRadio/Info.plist;
				IPHONEOS_DEPLOYMENT_TARGET = 7.0;
				LD_RUNPATH_SEARCH_PATHS = "$(inherited) @executable_path/Frameworks";
				LIBRARY_SEARCH_PATHS = "$(PROJECT_DIR)/Libraries/MobileVLCKit";
				OTHER_LDFLAGS = "-Wl,-no_pie";
				PRODUCT_NAME = "$(TARGET_NAME)";
			};
			name = Debug;
		};
		C8C8FA571AEEADAD00E5E46C /* Release */ = {
			isa = XCBuildConfiguration;
			buildSettings = {
				ASSETCATALOG_COMPILER_APPICON_NAME = AppIcon;
				CLANG_CXX_LIBRARY = "libstdc++";
				GCC_C_LANGUAGE_STANDARD = c99;
				GCC_NO_COMMON_BLOCKS = NO;
				GCC_PRECOMPILE_PREFIX_HEADER = YES;
				GCC_PREFIX_HEADER = SloRadio/Source/Base/SRPrefixHeader.pch;
				GCC_WARN_UNINITIALIZED_AUTOS = YES;
				HEADER_SEARCH_PATHS = (
					"$(inherited)",
					/Applications/Xcode.app/Contents/Developer/Toolchains/XcodeDefault.xctoolchain/usr/include,
					Libraries/MobileVLCKit/include,
				);
				INFOPLIST_FILE = SloRadio/Info.plist;
				IPHONEOS_DEPLOYMENT_TARGET = 7.0;
				LD_RUNPATH_SEARCH_PATHS = "$(inherited) @executable_path/Frameworks";
				LIBRARY_SEARCH_PATHS = "$(PROJECT_DIR)/Libraries/MobileVLCKit";
				OTHER_LDFLAGS = "-Wl,-no_pie";
				PRODUCT_NAME = "$(TARGET_NAME)";
			};
			name = Release;
		};
		C8C8FA591AEEADAD00E5E46C /* Debug */ = {
			isa = XCBuildConfiguration;
			buildSettings = {
				BUNDLE_LOADER = "$(TEST_HOST)";
				FRAMEWORK_SEARCH_PATHS = (
					"$(SDKROOT)/Developer/Library/Frameworks",
					"$(inherited)",
				);
				GCC_PREPROCESSOR_DEFINITIONS = (
					"DEBUG=1",
					"$(inherited)",
				);
				INFOPLIST_FILE = SloRadioTests/Info.plist;
				LD_RUNPATH_SEARCH_PATHS = "$(inherited) @executable_path/Frameworks @loader_path/Frameworks";
				PRODUCT_NAME = "$(TARGET_NAME)";
				TEST_HOST = "$(BUILT_PRODUCTS_DIR)/SloRadio.app/SloRadio";
			};
			name = Debug;
		};
		C8C8FA5A1AEEADAD00E5E46C /* Release */ = {
			isa = XCBuildConfiguration;
			buildSettings = {
				BUNDLE_LOADER = "$(TEST_HOST)";
				FRAMEWORK_SEARCH_PATHS = (
					"$(SDKROOT)/Developer/Library/Frameworks",
					"$(inherited)",
				);
				INFOPLIST_FILE = SloRadioTests/Info.plist;
				LD_RUNPATH_SEARCH_PATHS = "$(inherited) @executable_path/Frameworks @loader_path/Frameworks";
				PRODUCT_NAME = "$(TARGET_NAME)";
				TEST_HOST = "$(BUILT_PRODUCTS_DIR)/SloRadio.app/SloRadio";
			};
			name = Release;
		};
/* End XCBuildConfiguration section */

/* Begin XCConfigurationList section */
		C8C8FA2D1AEEADAD00E5E46C /* Build configuration list for PBXProject "SloRadio" */ = {
			isa = XCConfigurationList;
			buildConfigurations = (
				C8C8FA531AEEADAD00E5E46C /* Debug */,
				C8C8FA541AEEADAD00E5E46C /* Release */,
			);
			defaultConfigurationIsVisible = 0;
			defaultConfigurationName = Release;
		};
		C8C8FA551AEEADAD00E5E46C /* Build configuration list for PBXNativeTarget "SloRadio" */ = {
			isa = XCConfigurationList;
			buildConfigurations = (
				C8C8FA561AEEADAD00E5E46C /* Debug */,
				C8C8FA571AEEADAD00E5E46C /* Release */,
			);
			defaultConfigurationIsVisible = 0;
			defaultConfigurationName = Release;
		};
		C8C8FA581AEEADAD00E5E46C /* Build configuration list for PBXNativeTarget "SloRadioTests" */ = {
			isa = XCConfigurationList;
			buildConfigurations = (
				C8C8FA591AEEADAD00E5E46C /* Debug */,
				C8C8FA5A1AEEADAD00E5E46C /* Release */,
			);
			defaultConfigurationIsVisible = 0;
			defaultConfigurationName = Release;
		};
/* End XCConfigurationList section */
	};
	rootObject = C8C8FA2A1AEEADAD00E5E46C /* Project object */;
}
